// !$*UTF8*$!
{
	archiveVersion = 1;
	classes = {
	};
	objectVersion = 46;
	objects = {

/* Begin PBXBuildFile section */
		36EBC0457C648A4FFEE07126 /* GLWTextureCache.m in Sources */ = {isa = PBXBuildFile; fileRef = 36EBC4BAE876DE5620E580FD /* GLWTextureCache.m */; };
		36EBC048A3CC0BADC7830F67 /* SpaceshipControlSystem.m in Sources */ = {isa = PBXBuildFile; fileRef = 36EBCEA168E36944662AC3E2 /* SpaceshipControlSystem.m */; };
		36EBC04D69ECB2362CFA9F6D /* spaceship.plist in Resources */ = {isa = PBXBuildFile; fileRef = 36EBC0A189E2FBCD0D9C280F /* spaceship.plist */; };
		36EBC08CCB15F9E08BC8A2B9 /* space.png in Resources */ = {isa = PBXBuildFile; fileRef = 36EBC982D0377BFA73101CD9 /* space.png */; };
		36EBC0B5685EB85E45A7313D /* Entity.m in Sources */ = {isa = PBXBuildFile; fileRef = 36EBCF6F9D8290B362F2A3D4 /* Entity.m */; };
		36EBC0C32D97ABE03E42E60D /* TimerComponent.m in Sources */ = {isa = PBXBuildFile; fileRef = 36EBCA602DD32AF3FC54C0E7 /* TimerComponent.m */; };
		36EBC0C559D869BCF387C30D /* PhysicalBody.m in Sources */ = {isa = PBXBuildFile; fileRef = 36EBCA14029C260167A445B9 /* PhysicalBody.m */; };
		36EBC0DB0EFDD001B5B8392A /* retina-space.png in Resources */ = {isa = PBXBuildFile; fileRef = 36EBC2C625ACFBE88F00D1ED /* retina-space.png */; };
		36EBC0E91ADB7E09F1C289AB /* AutoShootComponent.m in Sources */ = {isa = PBXBuildFile; fileRef = 36EBCEA4578B74BBBB22508A /* AutoShootComponent.m */; };
		36EBC1C1058BBD262E32FEBA /* AVFoundation.framework in Frameworks */ = {isa = PBXBuildFile; fileRef = 36EBC198B5A9E7CEC48936A9 /* AVFoundation.framework */; };
		36EBC1D26C01A324B9329DFC /* PhysicsSystem.m in Sources */ = {isa = PBXBuildFile; fileRef = 36EBC159AB799D0DEAC6EB7F /* PhysicsSystem.m */; };
		36EBC1DA096F917F0C815EEB /* SpaceshipEngineComponent.m in Sources */ = {isa = PBXBuildFile; fileRef = 36EBCE8A9AE69AB2A2D28851 /* SpaceshipEngineComponent.m */; };
		36EBC1EE6FF5F197649839D1 /* GLWShaderProgram.m in Sources */ = {isa = PBXBuildFile; fileRef = 36EBCCCF0F52320DB7AA36DB /* GLWShaderProgram.m */; };
		36EBC20AF5E2F6163CC095FD /* GLWString.m in Sources */ = {isa = PBXBuildFile; fileRef = 36EBCC51F7E5EED021BC648E /* GLWString.m */; };
		36EBC22685621D89F352E6CB /* CollisionSystem.m in Sources */ = {isa = PBXBuildFile; fileRef = 36EBCFEDA5F81FE0781B4E0A /* CollisionSystem.m */; };
		36EBC263C05380D340980527 /* retina-spaceship.plist in Resources */ = {isa = PBXBuildFile; fileRef = 36EBC777C8E269F7B945BF2B /* retina-spaceship.plist */; };
		36EBC2973D2962803AE2F09A /* AsteroidsSpawnSystem.m in Sources */ = {isa = PBXBuildFile; fileRef = 36EBCEF26D04DB5380BB3F78 /* AsteroidsSpawnSystem.m */; };
		36EBC2CABBAD056EE70680EB /* CollisionDetector.m in Sources */ = {isa = PBXBuildFile; fileRef = 36EBC18BD870B45877605B1F /* CollisionDetector.m */; };
		36EBC2D9109D20F6870944CD /* GLWSprite.m in Sources */ = {isa = PBXBuildFile; fileRef = 36EBC8873BA1C8021C29011D /* GLWSprite.m */; };
		36EBC30C5BFC6EB3AF673E82 /* menu.mp3 in Resources */ = {isa = PBXBuildFile; fileRef = 36EBCF0AF66E6A7F655A7976 /* menu.mp3 */; };
		36EBC367671081A16F92C267 /* Button.m in Sources */ = {isa = PBXBuildFile; fileRef = 36EBCE89EA1E7CAA99DFB58F /* Button.m */; };
		36EBC3B3F9D04356C24A0453 /* AudioToolbox.framework in Frameworks */ = {isa = PBXBuildFile; fileRef = 36EBCAE31560814243312FFA /* AudioToolbox.framework */; };
		36EBC3E1C059B53FE581E5A1 /* ComponentLayer.m in Sources */ = {isa = PBXBuildFile; fileRef = 36EBC002C9B53BA10E8D93A0 /* ComponentLayer.m */; };
		36EBC3F7FA28365B53023820 /* BulletFactory.m in Sources */ = {isa = PBXBuildFile; fileRef = 36EBC42AAFF29E97F53DF5B5 /* BulletFactory.m */; };
		36EBC4481D79C4454E6DB4F9 /* GLWSpriteGroup.m in Sources */ = {isa = PBXBuildFile; fileRef = 36EBCA2EA1157E8255DD9785 /* GLWSpriteGroup.m */; };
		36EBC4AD58509B7CADA0BBC8 /* SpaceshipFactory.m in Sources */ = {isa = PBXBuildFile; fileRef = 36EBCB0B1C714892E2143B7C /* SpaceshipFactory.m */; };
		36EBC53A251FEE4777E179B4 /* GameOverScene.m in Sources */ = {isa = PBXBuildFile; fileRef = 36EBC90AD640FFC95E073E9D /* GameOverScene.m */; };
		36EBC55F727963793FA96C19 /* settings.plist in Resources */ = {isa = PBXBuildFile; fileRef = 36EBCA1754CE90B29919F399 /* settings.plist */; };
		36EBC5FC7258161F0819F296 /* Component.m in Sources */ = {isa = PBXBuildFile; fileRef = 36EBC6D36989989353E96FC8 /* Component.m */; };
		36EBC67C98AD54E8E63FBCCD /* UIGestureRecognizer+GLWTouchLocation.m in Sources */ = {isa = PBXBuildFile; fileRef = 36EBC0CDE38C021C4CE16E7B /* UIGestureRecognizer+GLWTouchLocation.m */; };
		36EBC69E173D37FB4916481A /* AudioProcessor.m in Sources */ = {isa = PBXBuildFile; fileRef = 36EBC7DC6F686CDFA156D48E /* AudioProcessor.m */; };
		36EBC6AF16A16EF35D8382BE /* IntroScene.m in Sources */ = {isa = PBXBuildFile; fileRef = 36EBC9C0C4CB6C0ED772B8C6 /* IntroScene.m */; };
		36EBC719CD05132E664CF2CC /* GLWMatrix.m in Sources */ = {isa = PBXBuildFile; fileRef = 36EBC75E5DC69D96CEB1C29F /* GLWMatrix.m */; };
		36EBC7A91E1F0BF02A0EA482 /* Bullet.m in Sources */ = {isa = PBXBuildFile; fileRef = 36EBCA7FC45BA750CD237A4C /* Bullet.m */; };
		36EBC881859FBA327918831E /* GLWTexture.m in Sources */ = {isa = PBXBuildFile; fileRef = 36EBC8B470D73FB998996B17 /* GLWTexture.m */; };
		36EBC8E572DB021AA68760BC /* AsteroidsSpawnComponent.m in Sources */ = {isa = PBXBuildFile; fileRef = 36EBC7A83B802B2A7911F615 /* AsteroidsSpawnComponent.m */; };
		36EBC8F21218705AD03CE986 /* GLWCamera.m in Sources */ = {isa = PBXBuildFile; fileRef = 36EBCF361CA36478BFD92F23 /* GLWCamera.m */; };
		36EBC903009EA0D42EA36112 /* GLWRenderManager.m in Sources */ = {isa = PBXBuildFile; fileRef = 36EBCAFDD123BF106D283A78 /* GLWRenderManager.m */; };
		36EBC93BEC889FE7242EC248 /* Spaceship.m in Sources */ = {isa = PBXBuildFile; fileRef = 36EBC8F56D5C04BA9341FEF8 /* Spaceship.m */; };
		36EBC960F7294213A9590E06 /* retina-spaceship.png in Resources */ = {isa = PBXBuildFile; fileRef = 36EBC814C83E88974099EDEA /* retina-spaceship.png */; };
		36EBC992A53F2451EE8FDB89 /* CollisionObject.m in Sources */ = {isa = PBXBuildFile; fileRef = 36EBCF43A2F7F05060960052 /* CollisionObject.m */; };
		36EBC9AA8C9FCFC2D57FAEE6 /* DependencyNotFoundException.m in Sources */ = {isa = PBXBuildFile; fileRef = 36EBC78794ABEABE6A235309 /* DependencyNotFoundException.m */; };
		36EBC9ABA0B805C6E048FE47 /* AsteroidsFactory.m in Sources */ = {isa = PBXBuildFile; fileRef = 36EBCF0E051C54A0E797E7A7 /* AsteroidsFactory.m */; };
		36EBCADEB93978E893ECD319 /* PhysicsComponent.m in Sources */ = {isa = PBXBuildFile; fileRef = 36EBCD25926BC77B8E2A859B /* PhysicsComponent.m */; };
		36EBCAF98E335AA9A6FCBD33 /* CollisionComponent.m in Sources */ = {isa = PBXBuildFile; fileRef = 36EBCC2A86F787B7C3AC8A20 /* CollisionComponent.m */; };
		36EBCB130CF3C7D32FEB8DE0 /* RenderComponent.m in Sources */ = {isa = PBXBuildFile; fileRef = 36EBC41213785419ADE08023 /* RenderComponent.m */; };
		36EBCB1DFE58FCABA4AC38C6 /* GLWTouchDispatcher.m in Sources */ = {isa = PBXBuildFile; fileRef = 36EBC8E5ECB9973EFEA4629D /* GLWTouchDispatcher.m */; };
		36EBCBB95F4E0D45AC31C3C1 /* System.m in Sources */ = {isa = PBXBuildFile; fileRef = 36EBCDC7324A448579D7CE83 /* System.m */; };
		36EBCBC3D2DEAF75FA781C3A /* GLWTextureRect.m in Sources */ = {isa = PBXBuildFile; fileRef = 36EBC40F25407A1B0CABE6CC /* GLWTextureRect.m */; };
		36EBCBF80349C6569A4FB08B /* EntityManager.m in Sources */ = {isa = PBXBuildFile; fileRef = 36EBCA8BFBA91F7EA0A84152 /* EntityManager.m */; };
		36EBCC5D298A7D0841C2C250 /* BulletSystem.m in Sources */ = {isa = PBXBuildFile; fileRef = 36EBCA24C7A2E34F476EC384 /* BulletSystem.m */; };
		36EBCD782895D75760B6D13E /* TimerSystem.m in Sources */ = {isa = PBXBuildFile; fileRef = 36EBCF94886554C6D10AEB1B /* TimerSystem.m */; };
		36EBCDABC347C3EF1AAB1EFD /* GLWObject.m in Sources */ = {isa = PBXBuildFile; fileRef = 36EBC30A84ED9C32F07E3A18 /* GLWObject.m */; };
		36EBCDDD6E11FAAAC52D5975 /* GLWTouchDispatcherChild.m in Sources */ = {isa = PBXBuildFile; fileRef = 36EBC3C25A6E6307C1E78971 /* GLWTouchDispatcherChild.m */; };
		36EBCDEF2206B322110DC5EB /* GLWLinesPrimitive.m in Sources */ = {isa = PBXBuildFile; fileRef = 36EBC6AB01FC494D331E6973 /* GLWLinesPrimitive.m */; };
		36EBCE403AF6093243390DD6 /* GLWAnimation.m in Sources */ = {isa = PBXBuildFile; fileRef = 36EBC4B6A60DE088C88C70B4 /* GLWAnimation.m */; };
		36EBCE4B0EA05AC9EB663420 /* AbstractGameObjectFactory.m in Sources */ = {isa = PBXBuildFile; fileRef = 36EBC03AD7E8BE56D735D581 /* AbstractGameObjectFactory.m */; };
		36EBCE4F1C53689B245D9976 /* AutoShootSystem.m in Sources */ = {isa = PBXBuildFile; fileRef = 36EBC74B3D85201C4F2050AB /* AutoShootSystem.m */; };
		36EBCE5B0D1324FBF31E26A7 /* Settings.m in Sources */ = {isa = PBXBuildFile; fileRef = 36EBCF2E721A6D84690BFDBE /* Settings.m */; };
		36EBCE753168CC535FCE48BC /* GLWLayer.m in Sources */ = {isa = PBXBuildFile; fileRef = 36EBC434350C587F2987652E /* GLWLayer.m */; };
		36EBCE83138A06E84EE96AE7 /* GameScene.m in Sources */ = {isa = PBXBuildFile; fileRef = 36EBCA0DD3551D10646D5D39 /* GameScene.m */; };
		36EBCE8B69A12BADFE12D88B /* Asteroid.m in Sources */ = {isa = PBXBuildFile; fileRef = 36EBC9BF5A1ED570DAE06878 /* Asteroid.m */; };
		36EBCF025EB1F4BD2F5AA420 /* BulletComponent.m in Sources */ = {isa = PBXBuildFile; fileRef = 36EBC256EF20BDFD842C5B33 /* BulletComponent.m */; };
		36EBCF65FBBDA94FC50FCC2A /* TutorialScene.m in Sources */ = {isa = PBXBuildFile; fileRef = 36EBC4B35D8846B12876932F /* TutorialScene.m */; };
		36EBCFC6AFF87BD4011998CC /* spaceship.png in Resources */ = {isa = PBXBuildFile; fileRef = 36EBC5069F83AA67439D8D8A /* spaceship.png */; };
		36EBCFC8A8673CA0CE41082B /* Boom.m in Sources */ = {isa = PBXBuildFile; fileRef = 36EBCA7F17DF0BA6C390378E /* Boom.m */; };
		CE3745F516F10AA20067396E /* GLWShaders.m in Sources */ = {isa = PBXBuildFile; fileRef = CE3745F416F10AA20067396E /* GLWShaders.m */; };
		CE3745FD16F10EE40067396E /* GLWShaderManager.m in Sources */ = {isa = PBXBuildFile; fileRef = CE3745FC16F10EE40067396E /* GLWShaderManager.m */; };
		CE71619F16EE5EB400A32C9E /* UIKit.framework in Frameworks */ = {isa = PBXBuildFile; fileRef = CE71619E16EE5EB400A32C9E /* UIKit.framework */; };
		CE7161A116EE5EB400A32C9E /* Foundation.framework in Frameworks */ = {isa = PBXBuildFile; fileRef = CE7161A016EE5EB400A32C9E /* Foundation.framework */; };
		CE7161A316EE5EB400A32C9E /* CoreGraphics.framework in Frameworks */ = {isa = PBXBuildFile; fileRef = CE7161A216EE5EB400A32C9E /* CoreGraphics.framework */; };
		CE7161A716EE5EB400A32C9E /* OpenGLES.framework in Frameworks */ = {isa = PBXBuildFile; fileRef = CE7161A616EE5EB400A32C9E /* OpenGLES.framework */; };
		CE7161AD16EE5EB400A32C9E /* InfoPlist.strings in Resources */ = {isa = PBXBuildFile; fileRef = CE7161AB16EE5EB400A32C9E /* InfoPlist.strings */; };
		CE7161AF16EE5EB400A32C9E /* main.m in Sources */ = {isa = PBXBuildFile; fileRef = CE7161AE16EE5EB400A32C9E /* main.m */; settings = {COMPILER_FLAGS = "-fno-objc-arc"; }; };
		CE7161B316EE5EB400A32C9E /* AppDelegate.m in Sources */ = {isa = PBXBuildFile; fileRef = CE7161B216EE5EB400A32C9E /* AppDelegate.m */; settings = {COMPILER_FLAGS = "-fno-objc-arc"; }; };
		CE7161B516EE5EB400A32C9E /* Default.png in Resources */ = {isa = PBXBuildFile; fileRef = CE7161B416EE5EB400A32C9E /* Default.png */; };
		CE7161B716EE5EB400A32C9E /* Default@2x.png in Resources */ = {isa = PBXBuildFile; fileRef = CE7161B616EE5EB400A32C9E /* Default@2x.png */; };
		CE7161B916EE5EB400A32C9E /* Default-568h@2x.png in Resources */ = {isa = PBXBuildFile; fileRef = CE7161B816EE5EB400A32C9E /* Default-568h@2x.png */; };
		CE7161CB16EE606E00A32C9E /* OpenGLView.m in Sources */ = {isa = PBXBuildFile; fileRef = CE7161CA16EE606E00A32C9E /* OpenGLView.m */; settings = {COMPILER_FLAGS = "-fno-objc-arc"; }; };
		CE7161CD16EE610800A32C9E /* QuartzCore.framework in Frameworks */ = {isa = PBXBuildFile; fileRef = CE7161CC16EE610800A32C9E /* QuartzCore.framework */; };
		CE7161D016EE635600A32C9E /* OpenGLManager.m in Sources */ = {isa = PBXBuildFile; fileRef = CE7161CF16EE635600A32C9E /* OpenGLManager.m */; settings = {COMPILER_FLAGS = "-fno-objc-arc"; }; };
/* End PBXBuildFile section */

/* Begin PBXFileReference section */
		36EBC002C9B53BA10E8D93A0 /* ComponentLayer.m */ = {isa = PBXFileReference; fileEncoding = 4; lastKnownFileType = sourcecode.c.objc; path = ComponentLayer.m; sourceTree = "<group>"; };
		36EBC03AD7E8BE56D735D581 /* AbstractGameObjectFactory.m */ = {isa = PBXFileReference; fileEncoding = 4; lastKnownFileType = sourcecode.c.objc; path = AbstractGameObjectFactory.m; sourceTree = "<group>"; };
		36EBC0A189E2FBCD0D9C280F /* spaceship.plist */ = {isa = PBXFileReference; fileEncoding = 4; lastKnownFileType = text.plist; path = spaceship.plist; sourceTree = "<group>"; };
		36EBC0CDE38C021C4CE16E7B /* UIGestureRecognizer+GLWTouchLocation.m */ = {isa = PBXFileReference; fileEncoding = 4; lastKnownFileType = sourcecode.c.objc; path = "UIGestureRecognizer+GLWTouchLocation.m"; sourceTree = "<group>"; };
		36EBC0F4927802C7598D7D20 /* IntroScene.h */ = {isa = PBXFileReference; fileEncoding = 4; lastKnownFileType = sourcecode.c.h; path = IntroScene.h; sourceTree = "<group>"; };
		36EBC1110C915493192CA27C /* SpaceshipControlSystem.h */ = {isa = PBXFileReference; fileEncoding = 4; lastKnownFileType = sourcecode.c.h; path = SpaceshipControlSystem.h; sourceTree = "<group>"; };
		36EBC1256F7CE35EDC71C5E5 /* CollisionSystem.h */ = {isa = PBXFileReference; fileEncoding = 4; lastKnownFileType = sourcecode.c.h; path = CollisionSystem.h; sourceTree = "<group>"; };
		36EBC14963C46F27C681420B /* GLWRenderManager.h */ = {isa = PBXFileReference; fileEncoding = 4; lastKnownFileType = sourcecode.c.h; path = GLWRenderManager.h; sourceTree = "<group>"; };
		36EBC159AB799D0DEAC6EB7F /* PhysicsSystem.m */ = {isa = PBXFileReference; fileEncoding = 4; lastKnownFileType = sourcecode.c.objc; path = PhysicsSystem.m; sourceTree = "<group>"; };
		36EBC18BD870B45877605B1F /* CollisionDetector.m */ = {isa = PBXFileReference; fileEncoding = 4; lastKnownFileType = sourcecode.c.objc; path = CollisionDetector.m; sourceTree = "<group>"; };
		36EBC1947CD436EB480EE133 /* Settings.h */ = {isa = PBXFileReference; fileEncoding = 4; lastKnownFileType = sourcecode.c.h; path = Settings.h; sourceTree = "<group>"; };
		36EBC198B5A9E7CEC48936A9 /* AVFoundation.framework */ = {isa = PBXFileReference; lastKnownFileType = wrapper.framework; name = AVFoundation.framework; path = System/Library/Frameworks/AVFoundation.framework; sourceTree = SDKROOT; };
		36EBC1B68A9F23DC3B69E0A8 /* PhysicalBody.h */ = {isa = PBXFileReference; fileEncoding = 4; lastKnownFileType = sourcecode.c.h; path = PhysicalBody.h; sourceTree = "<group>"; };
		36EBC256EF20BDFD842C5B33 /* BulletComponent.m */ = {isa = PBXFileReference; fileEncoding = 4; lastKnownFileType = sourcecode.c.objc; path = BulletComponent.m; sourceTree = "<group>"; };
		36EBC2B9BA4F89EFE0AEFA66 /* CollisionObject.h */ = {isa = PBXFileReference; fileEncoding = 4; lastKnownFileType = sourcecode.c.h; path = CollisionObject.h; sourceTree = "<group>"; };
		36EBC2C625ACFBE88F00D1ED /* retina-space.png */ = {isa = PBXFileReference; lastKnownFileType = image.png; path = "retina-space.png"; sourceTree = "<group>"; };
		36EBC2DBDA2E640B388F476D /* GLWPositionColorFragment.h */ = {isa = PBXFileReference; fileEncoding = 4; lastKnownFileType = sourcecode.c.h; path = GLWPositionColorFragment.h; sourceTree = "<group>"; };
		36EBC30A84ED9C32F07E3A18 /* GLWObject.m */ = {isa = PBXFileReference; fileEncoding = 4; lastKnownFileType = sourcecode.c.objc; path = GLWObject.m; sourceTree = "<group>"; };
		36EBC330392C035405DC4998 /* GLWString.h */ = {isa = PBXFileReference; fileEncoding = 4; lastKnownFileType = sourcecode.c.h; path = GLWString.h; sourceTree = "<group>"; };
		36EBC376901B5A47E51F8002 /* GLWGestureRecognizerDelegate.h */ = {isa = PBXFileReference; fileEncoding = 4; lastKnownFileType = sourcecode.c.h; path = GLWGestureRecognizerDelegate.h; sourceTree = "<group>"; };
		36EBC37C107651F584215884 /* Asteroid.h */ = {isa = PBXFileReference; fileEncoding = 4; lastKnownFileType = sourcecode.c.h; path = Asteroid.h; sourceTree = "<group>"; };
		36EBC3C25A6E6307C1E78971 /* GLWTouchDispatcherChild.m */ = {isa = PBXFileReference; fileEncoding = 4; lastKnownFileType = sourcecode.c.objc; path = GLWTouchDispatcherChild.m; sourceTree = "<group>"; };
		36EBC3DEAF945969C0AD881D /* AsteroidsSpawnSystem.h */ = {isa = PBXFileReference; fileEncoding = 4; lastKnownFileType = sourcecode.c.h; path = AsteroidsSpawnSystem.h; sourceTree = "<group>"; };
		36EBC40F25407A1B0CABE6CC /* GLWTextureRect.m */ = {isa = PBXFileReference; fileEncoding = 4; lastKnownFileType = sourcecode.c.objc; path = GLWTextureRect.m; sourceTree = "<group>"; };
		36EBC41213785419ADE08023 /* RenderComponent.m */ = {isa = PBXFileReference; fileEncoding = 4; lastKnownFileType = sourcecode.c.objc; path = RenderComponent.m; sourceTree = "<group>"; };
		36EBC42AAFF29E97F53DF5B5 /* BulletFactory.m */ = {isa = PBXFileReference; fileEncoding = 4; lastKnownFileType = sourcecode.c.objc; path = BulletFactory.m; sourceTree = "<group>"; };
		36EBC434350C587F2987652E /* GLWLayer.m */ = {isa = PBXFileReference; fileEncoding = 4; lastKnownFileType = sourcecode.c.objc; path = GLWLayer.m; sourceTree = "<group>"; };
		36EBC4B35D8846B12876932F /* TutorialScene.m */ = {isa = PBXFileReference; fileEncoding = 4; lastKnownFileType = sourcecode.c.objc; path = TutorialScene.m; sourceTree = "<group>"; };
		36EBC4B6A60DE088C88C70B4 /* GLWAnimation.m */ = {isa = PBXFileReference; fileEncoding = 4; lastKnownFileType = sourcecode.c.objc; name = GLWAnimation.m; path = ComponentSystem/Systems/GLWAnimation.m; sourceTree = SOURCE_ROOT; };
		36EBC4BAE876DE5620E580FD /* GLWTextureCache.m */ = {isa = PBXFileReference; fileEncoding = 4; lastKnownFileType = sourcecode.c.objc; path = GLWTextureCache.m; sourceTree = "<group>"; };
		36EBC4E7330BE55E4379220D /* GLWShaderProgram.h */ = {isa = PBXFileReference; fileEncoding = 4; lastKnownFileType = sourcecode.c.h; path = GLWShaderProgram.h; sourceTree = "<group>"; };
		36EBC503964250A4168ECCFB /* TimerSystem.h */ = {isa = PBXFileReference; fileEncoding = 4; lastKnownFileType = sourcecode.c.h; path = TimerSystem.h; sourceTree = "<group>"; };
		36EBC5069F83AA67439D8D8A /* spaceship.png */ = {isa = PBXFileReference; lastKnownFileType = image.png; path = spaceship.png; sourceTree = "<group>"; };
		36EBC5C4B815EABC489590A1 /* CollisionDetector.h */ = {isa = PBXFileReference; fileEncoding = 4; lastKnownFileType = sourcecode.c.h; path = CollisionDetector.h; sourceTree = "<group>"; };
		36EBC5DC53E12C78FBC40576 /* GLWUtils.h */ = {isa = PBXFileReference; fileEncoding = 4; lastKnownFileType = sourcecode.c.h; path = GLWUtils.h; sourceTree = "<group>"; };
		36EBC5FB9D9C2E77DE622FE7 /* GLWMath.h */ = {isa = PBXFileReference; fileEncoding = 4; lastKnownFileType = sourcecode.c.h; path = GLWMath.h; sourceTree = "<group>"; };
		36EBC604204156C4DCD06C8F /* GLWPositionColorVertex.h */ = {isa = PBXFileReference; fileEncoding = 4; lastKnownFileType = sourcecode.c.h; path = GLWPositionColorVertex.h; sourceTree = "<group>"; };
		36EBC61C19652B17820B8F14 /* GLWSpriteGroup.h */ = {isa = PBXFileReference; fileEncoding = 4; lastKnownFileType = sourcecode.c.h; path = GLWSpriteGroup.h; sourceTree = "<group>"; };
		36EBC6528B139F349D2DEECE /* GameScene.h */ = {isa = PBXFileReference; fileEncoding = 4; lastKnownFileType = sourcecode.c.h; path = GameScene.h; sourceTree = "<group>"; };
		36EBC66A426F37EEE28D9545 /* GLWObject.h */ = {isa = PBXFileReference; fileEncoding = 4; lastKnownFileType = sourcecode.c.h; path = GLWObject.h; sourceTree = "<group>"; };
		36EBC68F53DB1ECD07991788 /* PhysicsComponent.h */ = {isa = PBXFileReference; fileEncoding = 4; lastKnownFileType = sourcecode.c.h; path = PhysicsComponent.h; sourceTree = "<group>"; };
		36EBC694B8414852B53083CC /* GLWTextureCache.h */ = {isa = PBXFileReference; fileEncoding = 4; lastKnownFileType = sourcecode.c.h; path = GLWTextureCache.h; sourceTree = "<group>"; };
		36EBC6AB01FC494D331E6973 /* GLWLinesPrimitive.m */ = {isa = PBXFileReference; fileEncoding = 4; lastKnownFileType = sourcecode.c.objc; path = GLWLinesPrimitive.m; sourceTree = "<group>"; };
		36EBC6C3C251D1B473EAC4AC /* AsteroidsFactory.h */ = {isa = PBXFileReference; fileEncoding = 4; lastKnownFileType = sourcecode.c.h; path = AsteroidsFactory.h; sourceTree = "<group>"; };
		36EBC6CE65D89614605DF931 /* Component.h */ = {isa = PBXFileReference; fileEncoding = 4; lastKnownFileType = sourcecode.c.h; path = Component.h; sourceTree = "<group>"; };
		36EBC6D36989989353E96FC8 /* Component.m */ = {isa = PBXFileReference; fileEncoding = 4; lastKnownFileType = sourcecode.c.objc; path = Component.m; sourceTree = "<group>"; };
		36EBC72E6D3F8B6B3720C49D /* GLWTouchDispatcherChild.h */ = {isa = PBXFileReference; fileEncoding = 4; lastKnownFileType = sourcecode.c.h; path = GLWTouchDispatcherChild.h; sourceTree = "<group>"; };
		36EBC730F69FA15AB26069C9 /* ComponentLayer.h */ = {isa = PBXFileReference; fileEncoding = 4; lastKnownFileType = sourcecode.c.h; path = ComponentLayer.h; sourceTree = "<group>"; };
		36EBC746EA660003F5B91147 /* Spaceship.h */ = {isa = PBXFileReference; fileEncoding = 4; lastKnownFileType = sourcecode.c.h; path = Spaceship.h; sourceTree = "<group>"; };
		36EBC74838F5D4BD40DEB644 /* CollisionListener.h */ = {isa = PBXFileReference; fileEncoding = 4; lastKnownFileType = sourcecode.c.h; path = CollisionListener.h; sourceTree = "<group>"; };
		36EBC74B3D85201C4F2050AB /* AutoShootSystem.m */ = {isa = PBXFileReference; fileEncoding = 4; lastKnownFileType = sourcecode.c.objc; path = AutoShootSystem.m; sourceTree = "<group>"; };
		36EBC7551E45862EDB274F53 /* GameOverScene.h */ = {isa = PBXFileReference; fileEncoding = 4; lastKnownFileType = sourcecode.c.h; path = GameOverScene.h; sourceTree = "<group>"; };
		36EBC75E5DC69D96CEB1C29F /* GLWMatrix.m */ = {isa = PBXFileReference; fileEncoding = 4; lastKnownFileType = sourcecode.c.objc; path = GLWMatrix.m; sourceTree = "<group>"; };
		36EBC777C8E269F7B945BF2B /* retina-spaceship.plist */ = {isa = PBXFileReference; fileEncoding = 4; lastKnownFileType = text.plist; path = "retina-spaceship.plist"; sourceTree = "<group>"; };
		36EBC78794ABEABE6A235309 /* DependencyNotFoundException.m */ = {isa = PBXFileReference; fileEncoding = 4; lastKnownFileType = sourcecode.c.objc; path = DependencyNotFoundException.m; sourceTree = "<group>"; };
		36EBC7A83B802B2A7911F615 /* AsteroidsSpawnComponent.m */ = {isa = PBXFileReference; fileEncoding = 4; lastKnownFileType = sourcecode.c.objc; path = AsteroidsSpawnComponent.m; sourceTree = "<group>"; };
		36EBC7AA9F552F64EE3B4CD7 /* BulletSystem.h */ = {isa = PBXFileReference; fileEncoding = 4; lastKnownFileType = sourcecode.c.h; path = BulletSystem.h; sourceTree = "<group>"; };
		36EBC7CB79A0F157F23DB410 /* Button.h */ = {isa = PBXFileReference; fileEncoding = 4; lastKnownFileType = sourcecode.c.h; path = Button.h; sourceTree = "<group>"; };
		36EBC7D211BD583AE57AA834 /* GLWTouchDispatcher.h */ = {isa = PBXFileReference; fileEncoding = 4; lastKnownFileType = sourcecode.c.h; path = GLWTouchDispatcher.h; sourceTree = "<group>"; };
		36EBC7D326F6C47B1939AEDB /* SpaceshipFactory.h */ = {isa = PBXFileReference; fileEncoding = 4; lastKnownFileType = sourcecode.c.h; path = SpaceshipFactory.h; sourceTree = "<group>"; };
		36EBC7DC6F686CDFA156D48E /* AudioProcessor.m */ = {isa = PBXFileReference; fileEncoding = 4; lastKnownFileType = sourcecode.c.objc; path = AudioProcessor.m; sourceTree = "<group>"; };
		36EBC804889BCB8DD4757DA9 /* GLWMatrix.h */ = {isa = PBXFileReference; fileEncoding = 4; lastKnownFileType = sourcecode.c.h; path = GLWMatrix.h; sourceTree = "<group>"; };
		36EBC814C83E88974099EDEA /* retina-spaceship.png */ = {isa = PBXFileReference; lastKnownFileType = image.png; path = "retina-spaceship.png"; sourceTree = "<group>"; };
		36EBC818084647EB002DE223 /* GLWTextureRect.h */ = {isa = PBXFileReference; fileEncoding = 4; lastKnownFileType = sourcecode.c.h; path = GLWTextureRect.h; sourceTree = "<group>"; };
		36EBC8480D2E6094114D2EB6 /* GLWTexture.h */ = {isa = PBXFileReference; fileEncoding = 4; lastKnownFileType = sourcecode.c.h; path = GLWTexture.h; sourceTree = "<group>"; };
		36EBC8873BA1C8021C29011D /* GLWSprite.m */ = {isa = PBXFileReference; fileEncoding = 4; lastKnownFileType = sourcecode.c.objc; path = GLWSprite.m; sourceTree = "<group>"; };
		36EBC8B470D73FB998996B17 /* GLWTexture.m */ = {isa = PBXFileReference; fileEncoding = 4; lastKnownFileType = sourcecode.c.objc; path = GLWTexture.m; sourceTree = "<group>"; };
		36EBC8E5ECB9973EFEA4629D /* GLWTouchDispatcher.m */ = {isa = PBXFileReference; fileEncoding = 4; lastKnownFileType = sourcecode.c.objc; path = GLWTouchDispatcher.m; sourceTree = "<group>"; };
		36EBC8F56D5C04BA9341FEF8 /* Spaceship.m */ = {isa = PBXFileReference; fileEncoding = 4; lastKnownFileType = sourcecode.c.objc; path = Spaceship.m; sourceTree = "<group>"; };
		36EBC90AD640FFC95E073E9D /* GameOverScene.m */ = {isa = PBXFileReference; fileEncoding = 4; lastKnownFileType = sourcecode.c.objc; path = GameOverScene.m; sourceTree = "<group>"; };
		36EBC90B04F20672F3261F90 /* SpaceshipEngineComponent.h */ = {isa = PBXFileReference; fileEncoding = 4; lastKnownFileType = sourcecode.c.h; path = SpaceshipEngineComponent.h; sourceTree = "<group>"; };
		36EBC918226182FA4D4442FD /* AbstractGameObjectFactory.h */ = {isa = PBXFileReference; fileEncoding = 4; lastKnownFileType = sourcecode.c.h; path = AbstractGameObjectFactory.h; sourceTree = "<group>"; };
		36EBC91B065DE3F891955964 /* TutorialScene.h */ = {isa = PBXFileReference; fileEncoding = 4; lastKnownFileType = sourcecode.c.h; path = TutorialScene.h; sourceTree = "<group>"; };
		36EBC924488CA1205ABF3530 /* GLWLinesPrimitive.h */ = {isa = PBXFileReference; fileEncoding = 4; lastKnownFileType = sourcecode.c.h; path = GLWLinesPrimitive.h; sourceTree = "<group>"; };
		36EBC939D5618E9A81090EDE /* GLWTypes.h */ = {isa = PBXFileReference; fileEncoding = 4; lastKnownFileType = sourcecode.c.h; path = GLWTypes.h; sourceTree = "<group>"; };
		36EBC93D0612F052C1255447 /* DependencyNotFoundException.h */ = {isa = PBXFileReference; fileEncoding = 4; lastKnownFileType = sourcecode.c.h; path = DependencyNotFoundException.h; sourceTree = "<group>"; };
		36EBC9772612D9BB5C2C2971 /* Bullet.h */ = {isa = PBXFileReference; fileEncoding = 4; lastKnownFileType = sourcecode.c.h; path = Bullet.h; sourceTree = "<group>"; };
		36EBC982D0377BFA73101CD9 /* space.png */ = {isa = PBXFileReference; lastKnownFileType = image.png; path = space.png; sourceTree = "<group>"; };
		36EBC9BF5A1ED570DAE06878 /* Asteroid.m */ = {isa = PBXFileReference; fileEncoding = 4; lastKnownFileType = sourcecode.c.objc; path = Asteroid.m; sourceTree = "<group>"; };
		36EBC9C0C4CB6C0ED772B8C6 /* IntroScene.m */ = {isa = PBXFileReference; fileEncoding = 4; lastKnownFileType = sourcecode.c.objc; path = IntroScene.m; sourceTree = "<group>"; };
		36EBC9C3637C3B6956EB395B /* TimerComponent.h */ = {isa = PBXFileReference; fileEncoding = 4; lastKnownFileType = sourcecode.c.h; path = TimerComponent.h; sourceTree = "<group>"; };
		36EBC9C3C5146DE1C1D221E0 /* AutoShootComponent.h */ = {isa = PBXFileReference; fileEncoding = 4; lastKnownFileType = sourcecode.c.h; path = AutoShootComponent.h; sourceTree = "<group>"; };
		36EBC9F43235123368EB2CD9 /* AudioProcessor.h */ = {isa = PBXFileReference; fileEncoding = 4; lastKnownFileType = sourcecode.c.h; path = AudioProcessor.h; sourceTree = "<group>"; };
		36EBC9FB4FB93CEBBA23DCDE /* PhysicsSystem.h */ = {isa = PBXFileReference; fileEncoding = 4; lastKnownFileType = sourcecode.c.h; path = PhysicsSystem.h; sourceTree = "<group>"; };
		36EBC9FB6A7F8C0B134FFFC0 /* AutoShootSystem.h */ = {isa = PBXFileReference; fileEncoding = 4; lastKnownFileType = sourcecode.c.h; path = AutoShootSystem.h; sourceTree = "<group>"; };
		36EBCA0DD3551D10646D5D39 /* GameScene.m */ = {isa = PBXFileReference; fileEncoding = 4; lastKnownFileType = sourcecode.c.objc; path = GameScene.m; sourceTree = "<group>"; };
		36EBCA14029C260167A445B9 /* PhysicalBody.m */ = {isa = PBXFileReference; fileEncoding = 4; lastKnownFileType = sourcecode.c.objc; path = PhysicalBody.m; sourceTree = "<group>"; };
		36EBCA1754CE90B29919F399 /* settings.plist */ = {isa = PBXFileReference; fileEncoding = 4; lastKnownFileType = text.plist; path = settings.plist; sourceTree = "<group>"; };
		36EBCA24C7A2E34F476EC384 /* BulletSystem.m */ = {isa = PBXFileReference; fileEncoding = 4; lastKnownFileType = sourcecode.c.objc; path = BulletSystem.m; sourceTree = "<group>"; };
		36EBCA2EA1157E8255DD9785 /* GLWSpriteGroup.m */ = {isa = PBXFileReference; fileEncoding = 4; lastKnownFileType = sourcecode.c.objc; path = GLWSpriteGroup.m; sourceTree = "<group>"; };
		36EBCA602DD32AF3FC54C0E7 /* TimerComponent.m */ = {isa = PBXFileReference; fileEncoding = 4; lastKnownFileType = sourcecode.c.objc; path = TimerComponent.m; sourceTree = "<group>"; };
		36EBCA7F17DF0BA6C390378E /* Boom.m */ = {isa = PBXFileReference; fileEncoding = 4; lastKnownFileType = sourcecode.c.objc; path = Boom.m; sourceTree = "<group>"; };
		36EBCA7FC45BA750CD237A4C /* Bullet.m */ = {isa = PBXFileReference; fileEncoding = 4; lastKnownFileType = sourcecode.c.objc; path = Bullet.m; sourceTree = "<group>"; };
		36EBCA8BFBA91F7EA0A84152 /* EntityManager.m */ = {isa = PBXFileReference; fileEncoding = 4; lastKnownFileType = sourcecode.c.objc; path = EntityManager.m; sourceTree = "<group>"; };
		36EBCAE31560814243312FFA /* AudioToolbox.framework */ = {isa = PBXFileReference; lastKnownFileType = wrapper.framework; name = AudioToolbox.framework; path = System/Library/Frameworks/AudioToolbox.framework; sourceTree = SDKROOT; };
		36EBCAF990287B8D4DE7F918 /* UIGestureRecognizer+GLWTouchLocation.h */ = {isa = PBXFileReference; fileEncoding = 4; lastKnownFileType = sourcecode.c.h; path = "UIGestureRecognizer+GLWTouchLocation.h"; sourceTree = "<group>"; };
		36EBCAFDD123BF106D283A78 /* GLWRenderManager.m */ = {isa = PBXFileReference; fileEncoding = 4; lastKnownFileType = sourcecode.c.objc; path = GLWRenderManager.m; sourceTree = "<group>"; };
		36EBCB009C801AFFDA2D68EC /* RenderableEntity.h */ = {isa = PBXFileReference; fileEncoding = 4; lastKnownFileType = sourcecode.c.h; path = RenderableEntity.h; sourceTree = "<group>"; };
		36EBCB0184C830961CD38CA8 /* Entity.h */ = {isa = PBXFileReference; fileEncoding = 4; lastKnownFileType = sourcecode.c.h; path = Entity.h; sourceTree = "<group>"; };
		36EBCB0B1C714892E2143B7C /* SpaceshipFactory.m */ = {isa = PBXFileReference; fileEncoding = 4; lastKnownFileType = sourcecode.c.objc; path = SpaceshipFactory.m; sourceTree = "<group>"; };
		36EBCB2E597F7FBDF6957A63 /* CollisionComponent.h */ = {isa = PBXFileReference; fileEncoding = 4; lastKnownFileType = sourcecode.c.h; path = CollisionComponent.h; sourceTree = "<group>"; };
		36EBCC2A86F787B7C3AC8A20 /* CollisionComponent.m */ = {isa = PBXFileReference; fileEncoding = 4; lastKnownFileType = sourcecode.c.objc; path = CollisionComponent.m; sourceTree = "<group>"; };
		36EBCC51F7E5EED021BC648E /* GLWString.m */ = {isa = PBXFileReference; fileEncoding = 4; lastKnownFileType = sourcecode.c.objc; path = GLWString.m; sourceTree = "<group>"; };
		36EBCCCF0F52320DB7AA36DB /* GLWShaderProgram.m */ = {isa = PBXFileReference; fileEncoding = 4; lastKnownFileType = sourcecode.c.objc; path = GLWShaderProgram.m; sourceTree = "<group>"; };
		36EBCCE8CFB470C0071B6739 /* GLWSprite.h */ = {isa = PBXFileReference; fileEncoding = 4; lastKnownFileType = sourcecode.c.h; path = GLWSprite.h; sourceTree = "<group>"; };
		36EBCD25926BC77B8E2A859B /* PhysicsComponent.m */ = {isa = PBXFileReference; fileEncoding = 4; lastKnownFileType = sourcecode.c.objc; path = PhysicsComponent.m; sourceTree = "<group>"; };
		36EBCD2B8D9581E7EB8EDE09 /* GLWCamera.h */ = {isa = PBXFileReference; fileEncoding = 4; lastKnownFileType = sourcecode.c.h; path = GLWCamera.h; sourceTree = "<group>"; };
		36EBCD494D792A877D84448A /* GLWLayer.h */ = {isa = PBXFileReference; fileEncoding = 4; lastKnownFileType = sourcecode.c.h; path = GLWLayer.h; sourceTree = "<group>"; };
		36EBCDA2C7822F1AC0FC0C7C /* AsteroidsSpawnComponent.h */ = {isa = PBXFileReference; fileEncoding = 4; lastKnownFileType = sourcecode.c.h; path = AsteroidsSpawnComponent.h; sourceTree = "<group>"; };
		36EBCDC7324A448579D7CE83 /* System.m */ = {isa = PBXFileReference; fileEncoding = 4; lastKnownFileType = sourcecode.c.objc; path = System.m; sourceTree = "<group>"; };
		36EBCDD55854B5F013AD8CE5 /* BulletFactory.h */ = {isa = PBXFileReference; fileEncoding = 4; lastKnownFileType = sourcecode.c.h; path = BulletFactory.h; sourceTree = "<group>"; };
		36EBCE1F8F8AA88D0E413C98 /* GLWAnimation.h */ = {isa = PBXFileReference; fileEncoding = 4; lastKnownFileType = sourcecode.c.h; name = GLWAnimation.h; path = ComponentSystem/Systems/GLWAnimation.h; sourceTree = SOURCE_ROOT; };
		36EBCE3FDFEDC01EF5EB6051 /* RenderComponent.h */ = {isa = PBXFileReference; fileEncoding = 4; lastKnownFileType = sourcecode.c.h; path = RenderComponent.h; sourceTree = "<group>"; };
		36EBCE89EA1E7CAA99DFB58F /* Button.m */ = {isa = PBXFileReference; fileEncoding = 4; lastKnownFileType = sourcecode.c.objc; path = Button.m; sourceTree = "<group>"; };
		36EBCE8A9AE69AB2A2D28851 /* SpaceshipEngineComponent.m */ = {isa = PBXFileReference; fileEncoding = 4; lastKnownFileType = sourcecode.c.objc; path = SpaceshipEngineComponent.m; sourceTree = "<group>"; };
		36EBCEA168E36944662AC3E2 /* SpaceshipControlSystem.m */ = {isa = PBXFileReference; fileEncoding = 4; lastKnownFileType = sourcecode.c.objc; path = SpaceshipControlSystem.m; sourceTree = "<group>"; };
		36EBCEA4578B74BBBB22508A /* AutoShootComponent.m */ = {isa = PBXFileReference; fileEncoding = 4; lastKnownFileType = sourcecode.c.objc; path = AutoShootComponent.m; sourceTree = "<group>"; };
		36EBCEDE23EAD46CDF0A544E /* Boom.h */ = {isa = PBXFileReference; fileEncoding = 4; lastKnownFileType = sourcecode.c.h; path = Boom.h; sourceTree = "<group>"; };
		36EBCEE4F4C7218D18F00360 /* SpaceshipEngineDelegate.h */ = {isa = PBXFileReference; fileEncoding = 4; lastKnownFileType = sourcecode.c.h; path = SpaceshipEngineDelegate.h; sourceTree = "<group>"; };
		36EBCEF26D04DB5380BB3F78 /* AsteroidsSpawnSystem.m */ = {isa = PBXFileReference; fileEncoding = 4; lastKnownFileType = sourcecode.c.objc; path = AsteroidsSpawnSystem.m; sourceTree = "<group>"; };
		36EBCF0AF66E6A7F655A7976 /* menu.mp3 */ = {isa = PBXFileReference; lastKnownFileType = audio.mp3; path = menu.mp3; sourceTree = "<group>"; };
		36EBCF0E051C54A0E797E7A7 /* AsteroidsFactory.m */ = {isa = PBXFileReference; fileEncoding = 4; lastKnownFileType = sourcecode.c.objc; path = AsteroidsFactory.m; sourceTree = "<group>"; };
		36EBCF21660E6F235CE8020C /* EntityManager.h */ = {isa = PBXFileReference; fileEncoding = 4; lastKnownFileType = sourcecode.c.h; path = EntityManager.h; sourceTree = "<group>"; };
		36EBCF2E721A6D84690BFDBE /* Settings.m */ = {isa = PBXFileReference; fileEncoding = 4; lastKnownFileType = sourcecode.c.objc; path = Settings.m; sourceTree = "<group>"; };
		36EBCF361CA36478BFD92F23 /* GLWCamera.m */ = {isa = PBXFileReference; fileEncoding = 4; lastKnownFileType = sourcecode.c.objc; path = GLWCamera.m; sourceTree = "<group>"; };
		36EBCF43A2F7F05060960052 /* CollisionObject.m */ = {isa = PBXFileReference; fileEncoding = 4; lastKnownFileType = sourcecode.c.objc; path = CollisionObject.m; sourceTree = "<group>"; };
		36EBCF6F9D8290B362F2A3D4 /* Entity.m */ = {isa = PBXFileReference; fileEncoding = 4; lastKnownFileType = sourcecode.c.objc; path = Entity.m; sourceTree = "<group>"; };
		36EBCF811AF056C9C2FE150D /* System.h */ = {isa = PBXFileReference; fileEncoding = 4; lastKnownFileType = sourcecode.c.h; path = System.h; sourceTree = "<group>"; };
		36EBCF94886554C6D10AEB1B /* TimerSystem.m */ = {isa = PBXFileReference; fileEncoding = 4; lastKnownFileType = sourcecode.c.objc; path = TimerSystem.m; sourceTree = "<group>"; };
		36EBCFE6F3245A84D3A54232 /* BulletComponent.h */ = {isa = PBXFileReference; fileEncoding = 4; lastKnownFileType = sourcecode.c.h; path = BulletComponent.h; sourceTree = "<group>"; };
		36EBCFEDA5F81FE0781B4E0A /* CollisionSystem.m */ = {isa = PBXFileReference; fileEncoding = 4; lastKnownFileType = sourcecode.c.objc; path = CollisionSystem.m; sourceTree = "<group>"; };
		CE3745F316F10AA20067396E /* GLWShaders.h */ = {isa = PBXFileReference; fileEncoding = 4; lastKnownFileType = sourcecode.c.h; path = GLWShaders.h; sourceTree = "<group>"; };
		CE3745F416F10AA20067396E /* GLWShaders.m */ = {isa = PBXFileReference; fileEncoding = 4; lastKnownFileType = sourcecode.c.objc; path = GLWShaders.m; sourceTree = "<group>"; };
		CE3745F716F10BE60067396E /* GLWDefaultVertex.h */ = {isa = PBXFileReference; fileEncoding = 4; lastKnownFileType = sourcecode.c.h; path = GLWDefaultVertex.h; sourceTree = "<group>"; };
		CE3745FA16F10D300067396E /* GLWDefaultFragment.h */ = {isa = PBXFileReference; lastKnownFileType = sourcecode.c.h; path = GLWDefaultFragment.h; sourceTree = "<group>"; };
		CE3745FB16F10EE30067396E /* GLWShaderManager.h */ = {isa = PBXFileReference; fileEncoding = 4; lastKnownFileType = sourcecode.c.h; path = GLWShaderManager.h; sourceTree = "<group>"; };
		CE3745FC16F10EE40067396E /* GLWShaderManager.m */ = {isa = PBXFileReference; fileEncoding = 4; lastKnownFileType = sourcecode.c.objc; path = GLWShaderManager.m; sourceTree = "<group>"; };
		CE71619B16EE5EB400A32C9E /* asteroids.app */ = {isa = PBXFileReference; explicitFileType = wrapper.application; includeInIndex = 0; path = asteroids.app; sourceTree = BUILT_PRODUCTS_DIR; };
		CE71619E16EE5EB400A32C9E /* UIKit.framework */ = {isa = PBXFileReference; lastKnownFileType = wrapper.framework; name = UIKit.framework; path = System/Library/Frameworks/UIKit.framework; sourceTree = SDKROOT; };
		CE7161A016EE5EB400A32C9E /* Foundation.framework */ = {isa = PBXFileReference; lastKnownFileType = wrapper.framework; name = Foundation.framework; path = System/Library/Frameworks/Foundation.framework; sourceTree = SDKROOT; };
		CE7161A216EE5EB400A32C9E /* CoreGraphics.framework */ = {isa = PBXFileReference; lastKnownFileType = wrapper.framework; name = CoreGraphics.framework; path = System/Library/Frameworks/CoreGraphics.framework; sourceTree = SDKROOT; };
		CE7161A616EE5EB400A32C9E /* OpenGLES.framework */ = {isa = PBXFileReference; lastKnownFileType = wrapper.framework; name = OpenGLES.framework; path = System/Library/Frameworks/OpenGLES.framework; sourceTree = SDKROOT; };
		CE7161AA16EE5EB400A32C9E /* asteroids-Info.plist */ = {isa = PBXFileReference; lastKnownFileType = text.plist.xml; path = "asteroids-Info.plist"; sourceTree = "<group>"; };
		CE7161AC16EE5EB400A32C9E /* en */ = {isa = PBXFileReference; lastKnownFileType = text.plist.strings; name = en; path = en.lproj/InfoPlist.strings; sourceTree = "<group>"; };
		CE7161AE16EE5EB400A32C9E /* main.m */ = {isa = PBXFileReference; lastKnownFileType = sourcecode.c.objc; path = main.m; sourceTree = "<group>"; };
		CE7161B016EE5EB400A32C9E /* asteroids-Prefix.pch */ = {isa = PBXFileReference; lastKnownFileType = sourcecode.c.h; path = "asteroids-Prefix.pch"; sourceTree = "<group>"; };
		CE7161B116EE5EB400A32C9E /* AppDelegate.h */ = {isa = PBXFileReference; lastKnownFileType = sourcecode.c.h; path = AppDelegate.h; sourceTree = "<group>"; };
		CE7161B216EE5EB400A32C9E /* AppDelegate.m */ = {isa = PBXFileReference; lastKnownFileType = sourcecode.c.objc; path = AppDelegate.m; sourceTree = "<group>"; };
		CE7161B416EE5EB400A32C9E /* Default.png */ = {isa = PBXFileReference; lastKnownFileType = image.png; path = Default.png; sourceTree = "<group>"; };
		CE7161B616EE5EB400A32C9E /* Default@2x.png */ = {isa = PBXFileReference; lastKnownFileType = image.png; path = "Default@2x.png"; sourceTree = "<group>"; };
		CE7161B816EE5EB400A32C9E /* Default-568h@2x.png */ = {isa = PBXFileReference; lastKnownFileType = image.png; path = "Default-568h@2x.png"; sourceTree = "<group>"; };
		CE7161C916EE606E00A32C9E /* OpenGLView.h */ = {isa = PBXFileReference; fileEncoding = 4; lastKnownFileType = sourcecode.c.h; path = OpenGLView.h; sourceTree = "<group>"; };
		CE7161CA16EE606E00A32C9E /* OpenGLView.m */ = {isa = PBXFileReference; fileEncoding = 4; lastKnownFileType = sourcecode.c.objc; path = OpenGLView.m; sourceTree = "<group>"; };
		CE7161CC16EE610800A32C9E /* QuartzCore.framework */ = {isa = PBXFileReference; lastKnownFileType = wrapper.framework; name = QuartzCore.framework; path = System/Library/Frameworks/QuartzCore.framework; sourceTree = SDKROOT; };
		CE7161CE16EE635600A32C9E /* OpenGLManager.h */ = {isa = PBXFileReference; fileEncoding = 4; lastKnownFileType = sourcecode.c.h; path = OpenGLManager.h; sourceTree = "<group>"; };
		CE7161CF16EE635600A32C9E /* OpenGLManager.m */ = {isa = PBXFileReference; fileEncoding = 4; lastKnownFileType = sourcecode.c.objc; path = OpenGLManager.m; sourceTree = "<group>"; };
		CE7161D116EE638200A32C9E /* OpenGLConfig.h */ = {isa = PBXFileReference; lastKnownFileType = sourcecode.c.h; path = OpenGLConfig.h; sourceTree = "<group>"; };
		CE7161D516EE84DB00A32C9E /* Debug.h */ = {isa = PBXFileReference; lastKnownFileType = sourcecode.c.h; name = Debug.h; path = ../Debug.h; sourceTree = "<group>"; };
/* End PBXFileReference section */

/* Begin PBXFrameworksBuildPhase section */
		CE71619816EE5EB400A32C9E /* Frameworks */ = {
			isa = PBXFrameworksBuildPhase;
			buildActionMask = 2147483647;
			files = (
				CE7161CD16EE610800A32C9E /* QuartzCore.framework in Frameworks */,
				CE71619F16EE5EB400A32C9E /* UIKit.framework in Frameworks */,
				CE7161A116EE5EB400A32C9E /* Foundation.framework in Frameworks */,
				CE7161A316EE5EB400A32C9E /* CoreGraphics.framework in Frameworks */,
				CE7161A716EE5EB400A32C9E /* OpenGLES.framework in Frameworks */,
				36EBC3B3F9D04356C24A0453 /* AudioToolbox.framework in Frameworks */,
				36EBC1C1058BBD262E32FEBA /* AVFoundation.framework in Frameworks */,
			);
			runOnlyForDeploymentPostprocessing = 0;
		};
/* End PBXFrameworksBuildPhase section */

/* Begin PBXGroup section */
		36EBC0507E1B70D076BC3B8C /* Systems */ = {
			isa = PBXGroup;
			children = (
				36EBC159AB799D0DEAC6EB7F /* PhysicsSystem.m */,
				36EBC9FB4FB93CEBBA23DCDE /* PhysicsSystem.h */,
				36EBCEA168E36944662AC3E2 /* SpaceshipControlSystem.m */,
				36EBC1110C915493192CA27C /* SpaceshipControlSystem.h */,
				36EBCFEDA5F81FE0781B4E0A /* CollisionSystem.m */,
				36EBC1256F7CE35EDC71C5E5 /* CollisionSystem.h */,
				36EBCF43A2F7F05060960052 /* CollisionObject.m */,
				36EBC2B9BA4F89EFE0AEFA66 /* CollisionObject.h */,
				36EBCA24C7A2E34F476EC384 /* BulletSystem.m */,
				36EBC7AA9F552F64EE3B4CD7 /* BulletSystem.h */,
				36EBCEF26D04DB5380BB3F78 /* AsteroidsSpawnSystem.m */,
				36EBC3DEAF945969C0AD881D /* AsteroidsSpawnSystem.h */,
				36EBCF94886554C6D10AEB1B /* TimerSystem.m */,
				36EBC503964250A4168ECCFB /* TimerSystem.h */,
				36EBC74B3D85201C4F2050AB /* AutoShootSystem.m */,
				36EBC9FB6A7F8C0B134FFFC0 /* AutoShootSystem.h */,
			);
			path = Systems;
			sourceTree = "<group>";
		};
		36EBC099A50A649B4FA74AA6 /* Math */ = {
			isa = PBXGroup;
			children = (
				36EBC75E5DC69D96CEB1C29F /* GLWMatrix.m */,
				36EBC804889BCB8DD4757DA9 /* GLWMatrix.h */,
				36EBC939D5618E9A81090EDE /* GLWTypes.h */,
				36EBC5FB9D9C2E77DE622FE7 /* GLWMath.h */,
			);
			name = Math;
			sourceTree = "<group>";
		};
		36EBC24E7521E5D2246323F5 /* Framework */ = {
			isa = PBXGroup;
			children = (
				36EBC002C9B53BA10E8D93A0 /* ComponentLayer.m */,
				36EBC730F69FA15AB26069C9 /* ComponentLayer.h */,
			);
			path = Framework;
			sourceTree = "<group>";
		};
		36EBC48D77D42D34A46BB798 /* Classes */ = {
			isa = PBXGroup;
			children = (
				36EBC8F56D5C04BA9341FEF8 /* Spaceship.m */,
				36EBC746EA660003F5B91147 /* Spaceship.h */,
				36EBCA14029C260167A445B9 /* PhysicalBody.m */,
				36EBC1B68A9F23DC3B69E0A8 /* PhysicalBody.h */,
				36EBCEE4F4C7218D18F00360 /* SpaceshipEngineDelegate.h */,
				36EBC9BF5A1ED570DAE06878 /* Asteroid.m */,
				36EBC37C107651F584215884 /* Asteroid.h */,
				36EBCB009C801AFFDA2D68EC /* RenderableEntity.h */,
				36EBC18BD870B45877605B1F /* CollisionDetector.m */,
				36EBC5C4B815EABC489590A1 /* CollisionDetector.h */,
				36EBC74838F5D4BD40DEB644 /* CollisionListener.h */,
				36EBCA7FC45BA750CD237A4C /* Bullet.m */,
				36EBC9772612D9BB5C2C2971 /* Bullet.h */,
				36EBC9F43235123368EB2CD9 /* AudioProcessor.h */,
				36EBC7DC6F686CDFA156D48E /* AudioProcessor.m */,
				36EBCB0B1C714892E2143B7C /* SpaceshipFactory.m */,
				36EBC7D326F6C47B1939AEDB /* SpaceshipFactory.h */,
				36EBC03AD7E8BE56D735D581 /* AbstractGameObjectFactory.m */,
				36EBC918226182FA4D4442FD /* AbstractGameObjectFactory.h */,
				36EBCF0E051C54A0E797E7A7 /* AsteroidsFactory.m */,
				36EBC6C3C251D1B473EAC4AC /* AsteroidsFactory.h */,
				36EBC9C0C4CB6C0ED772B8C6 /* IntroScene.m */,
				36EBC0F4927802C7598D7D20 /* IntroScene.h */,
				36EBCE89EA1E7CAA99DFB58F /* Button.m */,
				36EBC7CB79A0F157F23DB410 /* Button.h */,
				36EBCF2E721A6D84690BFDBE /* Settings.m */,
				36EBC1947CD436EB480EE133 /* Settings.h */,
				36EBC42AAFF29E97F53DF5B5 /* BulletFactory.m */,
				36EBCDD55854B5F013AD8CE5 /* BulletFactory.h */,
				36EBCA7F17DF0BA6C390378E /* Boom.m */,
				36EBCEDE23EAD46CDF0A544E /* Boom.h */,
				36EBCC51F7E5EED021BC648E /* GLWString.m */,
				36EBC330392C035405DC4998 /* GLWString.h */,
				36EBC7551E45862EDB274F53 /* GameOverScene.h */,
				36EBC90AD640FFC95E073E9D /* GameOverScene.m */,
				36EBC4B35D8846B12876932F /* TutorialScene.m */,
				36EBC91B065DE3F891955964 /* TutorialScene.h */,
			);
			path = Classes;
			sourceTree = "<group>";
		};
		36EBC7BC091D18D75245D905 /* Assets */ = {
			isa = PBXGroup;
			children = (
				36EBC982D0377BFA73101CD9 /* space.png */,
				36EBC777C8E269F7B945BF2B /* retina-spaceship.plist */,
				36EBC0A189E2FBCD0D9C280F /* spaceship.plist */,
				36EBC814C83E88974099EDEA /* retina-spaceship.png */,
				36EBC5069F83AA67439D8D8A /* spaceship.png */,
				36EBC2C625ACFBE88F00D1ED /* retina-space.png */,
				36EBCA1754CE90B29919F399 /* settings.plist */,
				36EBCF0AF66E6A7F655A7976 /* menu.mp3 */,
			);
			path = Assets;
			sourceTree = "<group>";
		};
		36EBC8E56FE8471A42B5B0E6 /* ComponentSystem */ = {
			isa = PBXGroup;
			children = (
				36EBCF6F9D8290B362F2A3D4 /* Entity.m */,
				36EBC93D0612F052C1255447 /* DependencyNotFoundException.h */,
				36EBCB0184C830961CD38CA8 /* Entity.h */,
				36EBCDC7324A448579D7CE83 /* System.m */,
				36EBC6D36989989353E96FC8 /* Component.m */,
				36EBC78794ABEABE6A235309 /* DependencyNotFoundException.m */,
				36EBCA8BFBA91F7EA0A84152 /* EntityManager.m */,
				36EBCF811AF056C9C2FE150D /* System.h */,
				36EBCF21660E6F235CE8020C /* EntityManager.h */,
				36EBC6CE65D89614605DF931 /* Component.h */,
				36EBC24E7521E5D2246323F5 /* Framework */,
				36EBCA6A3940B2308C3F3A05 /* Components */,
				36EBC0507E1B70D076BC3B8C /* Systems */,
			);
			path = ComponentSystem;
			sourceTree = "<group>";
		};
		36EBCA6A3940B2308C3F3A05 /* Components */ = {
			isa = PBXGroup;
			children = (
				36EBC41213785419ADE08023 /* RenderComponent.m */,
				36EBCE3FDFEDC01EF5EB6051 /* RenderComponent.h */,
				36EBCD25926BC77B8E2A859B /* PhysicsComponent.m */,
				36EBC68F53DB1ECD07991788 /* PhysicsComponent.h */,
				36EBCE8A9AE69AB2A2D28851 /* SpaceshipEngineComponent.m */,
				36EBC90B04F20672F3261F90 /* SpaceshipEngineComponent.h */,
				36EBCC2A86F787B7C3AC8A20 /* CollisionComponent.m */,
				36EBCB2E597F7FBDF6957A63 /* CollisionComponent.h */,
				36EBC256EF20BDFD842C5B33 /* BulletComponent.m */,
				36EBCFE6F3245A84D3A54232 /* BulletComponent.h */,
				36EBC7A83B802B2A7911F615 /* AsteroidsSpawnComponent.m */,
				36EBCDA2C7822F1AC0FC0C7C /* AsteroidsSpawnComponent.h */,
				36EBCA602DD32AF3FC54C0E7 /* TimerComponent.m */,
				36EBC9C3637C3B6956EB395B /* TimerComponent.h */,
				36EBCEA4578B74BBBB22508A /* AutoShootComponent.m */,
				36EBC9C3C5146DE1C1D221E0 /* AutoShootComponent.h */,
			);
			path = Components;
			sourceTree = "<group>";
		};
		CE3745F116F10A1E0067396E /* GLWrapper */ = {
			isa = PBXGroup;
			children = (
				CE3745F616F10BC00067396E /* Shaders */,
				36EBC099A50A649B4FA74AA6 /* Math */,
				36EBC14963C46F27C681420B /* GLWRenderManager.h */,
				36EBCAFDD123BF106D283A78 /* GLWRenderManager.m */,
				36EBCF361CA36478BFD92F23 /* GLWCamera.m */,
				36EBCD2B8D9581E7EB8EDE09 /* GLWCamera.h */,
				36EBCA2EA1157E8255DD9785 /* GLWSpriteGroup.m */,
				36EBC61C19652B17820B8F14 /* GLWSpriteGroup.h */,
				36EBC30A84ED9C32F07E3A18 /* GLWObject.m */,
				36EBC66A426F37EEE28D9545 /* GLWObject.h */,
				36EBC434350C587F2987652E /* GLWLayer.m */,
				36EBCD494D792A877D84448A /* GLWLayer.h */,
				36EBC8873BA1C8021C29011D /* GLWSprite.m */,
				36EBCCE8CFB470C0071B6739 /* GLWSprite.h */,
				36EBC8B470D73FB998996B17 /* GLWTexture.m */,
				36EBC8480D2E6094114D2EB6 /* GLWTexture.h */,
				36EBC4BAE876DE5620E580FD /* GLWTextureCache.m */,
				36EBC694B8414852B53083CC /* GLWTextureCache.h */,
				36EBC40F25407A1B0CABE6CC /* GLWTextureRect.m */,
				36EBC818084647EB002DE223 /* GLWTextureRect.h */,
				36EBC5DC53E12C78FBC40576 /* GLWUtils.h */,
				36EBCE1F8F8AA88D0E413C98 /* GLWAnimation.h */,
				36EBC4B6A60DE088C88C70B4 /* GLWAnimation.m */,
				36EBC6AB01FC494D331E6973 /* GLWLinesPrimitive.m */,
				36EBC924488CA1205ABF3530 /* GLWLinesPrimitive.h */,
				36EBC8E5ECB9973EFEA4629D /* GLWTouchDispatcher.m */,
				36EBC7D211BD583AE57AA834 /* GLWTouchDispatcher.h */,
				36EBC0CDE38C021C4CE16E7B /* UIGestureRecognizer+GLWTouchLocation.m */,
				36EBCAF990287B8D4DE7F918 /* UIGestureRecognizer+GLWTouchLocation.h */,
				36EBC376901B5A47E51F8002 /* GLWGestureRecognizerDelegate.h */,
				36EBC3C25A6E6307C1E78971 /* GLWTouchDispatcherChild.m */,
				36EBC72E6D3F8B6B3720C49D /* GLWTouchDispatcherChild.h */,
			);
			name = GLWrapper;
			sourceTree = "<group>";
		};
		CE3745F616F10BC00067396E /* Shaders */ = {
			isa = PBXGroup;
			children = (
				CE3745F316F10AA20067396E /* GLWShaders.h */,
				CE3745F416F10AA20067396E /* GLWShaders.m */,
				CE3745F716F10BE60067396E /* GLWDefaultVertex.h */,
				CE3745FA16F10D300067396E /* GLWDefaultFragment.h */,
				CE3745FB16F10EE30067396E /* GLWShaderManager.h */,
				CE3745FC16F10EE40067396E /* GLWShaderManager.m */,
				36EBCCCF0F52320DB7AA36DB /* GLWShaderProgram.m */,
				36EBC4E7330BE55E4379220D /* GLWShaderProgram.h */,
				36EBC604204156C4DCD06C8F /* GLWPositionColorVertex.h */,
				36EBC2DBDA2E640B388F476D /* GLWPositionColorFragment.h */,
			);
			name = Shaders;
			sourceTree = "<group>";
		};
		CE71619216EE5EB400A32C9E = {
			isa = PBXGroup;
			children = (
				CE7161D116EE638200A32C9E /* OpenGLConfig.h */,
				CE7161CE16EE635600A32C9E /* OpenGLManager.h */,
				CE7161CF16EE635600A32C9E /* OpenGLManager.m */,
				CE7161A816EE5EB400A32C9E /* asteroids */,
				CE71619D16EE5EB400A32C9E /* Frameworks */,
				CE71619C16EE5EB400A32C9E /* Products */,
				36EBC8E56FE8471A42B5B0E6 /* ComponentSystem */,
			);
			sourceTree = "<group>";
		};
		CE71619C16EE5EB400A32C9E /* Products */ = {
			isa = PBXGroup;
			children = (
				CE71619B16EE5EB400A32C9E /* asteroids.app */,
			);
			name = Products;
			sourceTree = "<group>";
		};
		CE71619D16EE5EB400A32C9E /* Frameworks */ = {
			isa = PBXGroup;
			children = (
				CE7161CC16EE610800A32C9E /* QuartzCore.framework */,
				CE71619E16EE5EB400A32C9E /* UIKit.framework */,
				CE7161A016EE5EB400A32C9E /* Foundation.framework */,
				CE7161A216EE5EB400A32C9E /* CoreGraphics.framework */,
				CE7161A616EE5EB400A32C9E /* OpenGLES.framework */,
				36EBCAE31560814243312FFA /* AudioToolbox.framework */,
				36EBC198B5A9E7CEC48936A9 /* AVFoundation.framework */,
			);
			name = Frameworks;
			sourceTree = "<group>";
		};
		CE7161A816EE5EB400A32C9E /* asteroids */ = {
			isa = PBXGroup;
			children = (
				CE3745F116F10A1E0067396E /* GLWrapper */,
				CE7161B116EE5EB400A32C9E /* AppDelegate.h */,
				CE7161B216EE5EB400A32C9E /* AppDelegate.m */,
				CE7161A916EE5EB400A32C9E /* Supporting Files */,
				CE7161C916EE606E00A32C9E /* OpenGLView.h */,
				CE7161CA16EE606E00A32C9E /* OpenGLView.m */,
				36EBC6528B139F349D2DEECE /* GameScene.h */,
				36EBCA0DD3551D10646D5D39 /* GameScene.m */,
				36EBC48D77D42D34A46BB798 /* Classes */,
				36EBC7BC091D18D75245D905 /* Assets */,
			);
			path = asteroids;
			sourceTree = "<group>";
		};
		CE7161A916EE5EB400A32C9E /* Supporting Files */ = {
			isa = PBXGroup;
			children = (
				CE7161D516EE84DB00A32C9E /* Debug.h */,
				CE7161AA16EE5EB400A32C9E /* asteroids-Info.plist */,
				CE7161AB16EE5EB400A32C9E /* InfoPlist.strings */,
				CE7161AE16EE5EB400A32C9E /* main.m */,
				CE7161B016EE5EB400A32C9E /* asteroids-Prefix.pch */,
				CE7161B416EE5EB400A32C9E /* Default.png */,
				CE7161B616EE5EB400A32C9E /* Default@2x.png */,
				CE7161B816EE5EB400A32C9E /* Default-568h@2x.png */,
			);
			name = "Supporting Files";
			sourceTree = "<group>";
		};
/* End PBXGroup section */

/* Begin PBXNativeTarget section */
		CE71619A16EE5EB400A32C9E /* asteroids */ = {
			isa = PBXNativeTarget;
			buildConfigurationList = CE7161C616EE5EB500A32C9E /* Build configuration list for PBXNativeTarget "asteroids" */;
			buildPhases = (
				CE71619716EE5EB400A32C9E /* Sources */,
				CE71619816EE5EB400A32C9E /* Frameworks */,
				CE71619916EE5EB400A32C9E /* Resources */,
			);
			buildRules = (
			);
			dependencies = (
			);
			name = asteroids;
			productName = asteroids;
			productReference = CE71619B16EE5EB400A32C9E /* asteroids.app */;
			productType = "com.apple.product-type.application";
		};
/* End PBXNativeTarget section */

/* Begin PBXProject section */
		CE71619316EE5EB400A32C9E /* Project object */ = {
			isa = PBXProject;
			attributes = {
				LastUpgradeCheck = 0460;
				ORGANIZATIONNAME = JohnPoison;
			};
			buildConfigurationList = CE71619616EE5EB400A32C9E /* Build configuration list for PBXProject "asteroids" */;
			compatibilityVersion = "Xcode 3.2";
			developmentRegion = English;
			hasScannedForEncodings = 0;
			knownRegions = (
				en,
			);
			mainGroup = CE71619216EE5EB400A32C9E;
			productRefGroup = CE71619C16EE5EB400A32C9E /* Products */;
			projectDirPath = "";
			projectRoot = "";
			targets = (
				CE71619A16EE5EB400A32C9E /* asteroids */,
			);
		};
/* End PBXProject section */

/* Begin PBXResourcesBuildPhase section */
		CE71619916EE5EB400A32C9E /* Resources */ = {
			isa = PBXResourcesBuildPhase;
			buildActionMask = 2147483647;
			files = (
				CE7161AD16EE5EB400A32C9E /* InfoPlist.strings in Resources */,
				CE7161B516EE5EB400A32C9E /* Default.png in Resources */,
				CE7161B716EE5EB400A32C9E /* Default@2x.png in Resources */,
				CE7161B916EE5EB400A32C9E /* Default-568h@2x.png in Resources */,
				36EBC08CCB15F9E08BC8A2B9 /* space.png in Resources */,
				36EBC263C05380D340980527 /* retina-spaceship.plist in Resources */,
				36EBC04D69ECB2362CFA9F6D /* spaceship.plist in Resources */,
				36EBC960F7294213A9590E06 /* retina-spaceship.png in Resources */,
				36EBCFC6AFF87BD4011998CC /* spaceship.png in Resources */,
				36EBC0DB0EFDD001B5B8392A /* retina-space.png in Resources */,
				36EBC55F727963793FA96C19 /* settings.plist in Resources */,
				36EBC30C5BFC6EB3AF673E82 /* menu.mp3 in Resources */,
			);
			runOnlyForDeploymentPostprocessing = 0;
		};
/* End PBXResourcesBuildPhase section */

/* Begin PBXSourcesBuildPhase section */
		CE71619716EE5EB400A32C9E /* Sources */ = {
			isa = PBXSourcesBuildPhase;
			buildActionMask = 2147483647;
			files = (
				CE7161AF16EE5EB400A32C9E /* main.m in Sources */,
				CE7161B316EE5EB400A32C9E /* AppDelegate.m in Sources */,
				CE7161CB16EE606E00A32C9E /* OpenGLView.m in Sources */,
				CE7161D016EE635600A32C9E /* OpenGLManager.m in Sources */,
				CE3745F516F10AA20067396E /* GLWShaders.m in Sources */,
				CE3745FD16F10EE40067396E /* GLWShaderManager.m in Sources */,
				36EBC1EE6FF5F197649839D1 /* GLWShaderProgram.m in Sources */,
				36EBC903009EA0D42EA36112 /* GLWRenderManager.m in Sources */,
				36EBC719CD05132E664CF2CC /* GLWMatrix.m in Sources */,
				36EBC8F21218705AD03CE986 /* GLWCamera.m in Sources */,
				36EBC4481D79C4454E6DB4F9 /* GLWSpriteGroup.m in Sources */,
				36EBCDABC347C3EF1AAB1EFD /* GLWObject.m in Sources */,
				36EBCE753168CC535FCE48BC /* GLWLayer.m in Sources */,
				36EBCE83138A06E84EE96AE7 /* GameScene.m in Sources */,
				36EBC2D9109D20F6870944CD /* GLWSprite.m in Sources */,
				36EBC881859FBA327918831E /* GLWTexture.m in Sources */,
				36EBC0457C648A4FFEE07126 /* GLWTextureCache.m in Sources */,
				36EBCBC3D2DEAF75FA781C3A /* GLWTextureRect.m in Sources */,
				36EBC0B5685EB85E45A7313D /* Entity.m in Sources */,
				36EBCBB95F4E0D45AC31C3C1 /* System.m in Sources */,
				36EBC5FC7258161F0819F296 /* Component.m in Sources */,
				36EBC9AA8C9FCFC2D57FAEE6 /* DependencyNotFoundException.m in Sources */,
				36EBCBF80349C6569A4FB08B /* EntityManager.m in Sources */,
				36EBC3E1C059B53FE581E5A1 /* ComponentLayer.m in Sources */,
				36EBC93BEC889FE7242EC248 /* Spaceship.m in Sources */,
				36EBCB130CF3C7D32FEB8DE0 /* RenderComponent.m in Sources */,
				36EBCE403AF6093243390DD6 /* GLWAnimation.m in Sources */,
				36EBCADEB93978E893ECD319 /* PhysicsComponent.m in Sources */,
				36EBC0C559D869BCF387C30D /* PhysicalBody.m in Sources */,
				36EBC1D26C01A324B9329DFC /* PhysicsSystem.m in Sources */,
				36EBCDEF2206B322110DC5EB /* GLWLinesPrimitive.m in Sources */,
				36EBCB1DFE58FCABA4AC38C6 /* GLWTouchDispatcher.m in Sources */,
				36EBC1DA096F917F0C815EEB /* SpaceshipEngineComponent.m in Sources */,
				36EBC048A3CC0BADC7830F67 /* SpaceshipControlSystem.m in Sources */,
				36EBC67C98AD54E8E63FBCCD /* UIGestureRecognizer+GLWTouchLocation.m in Sources */,
				36EBCE8B69A12BADFE12D88B /* Asteroid.m in Sources */,
				36EBC2CABBAD056EE70680EB /* CollisionDetector.m in Sources */,
				36EBC22685621D89F352E6CB /* CollisionSystem.m in Sources */,
				36EBCAF98E335AA9A6FCBD33 /* CollisionComponent.m in Sources */,
				36EBC992A53F2451EE8FDB89 /* CollisionObject.m in Sources */,
				36EBC7A91E1F0BF02A0EA482 /* Bullet.m in Sources */,
				36EBCF025EB1F4BD2F5AA420 /* BulletComponent.m in Sources */,
				36EBCC5D298A7D0841C2C250 /* BulletSystem.m in Sources */,
				36EBC69E173D37FB4916481A /* AudioProcessor.m in Sources */,
				36EBC4AD58509B7CADA0BBC8 /* SpaceshipFactory.m in Sources */,
				36EBCE4B0EA05AC9EB663420 /* AbstractGameObjectFactory.m in Sources */,
				36EBC9ABA0B805C6E048FE47 /* AsteroidsFactory.m in Sources */,
				36EBC6AF16A16EF35D8382BE /* IntroScene.m in Sources */,
				36EBCDDD6E11FAAAC52D5975 /* GLWTouchDispatcherChild.m in Sources */,
				36EBC367671081A16F92C267 /* Button.m in Sources */,
				36EBCE5B0D1324FBF31E26A7 /* Settings.m in Sources */,
				36EBC3F7FA28365B53023820 /* BulletFactory.m in Sources */,
				36EBC2973D2962803AE2F09A /* AsteroidsSpawnSystem.m in Sources */,
				36EBC8E572DB021AA68760BC /* AsteroidsSpawnComponent.m in Sources */,
				36EBCFC8A8673CA0CE41082B /* Boom.m in Sources */,
				36EBC0C32D97ABE03E42E60D /* TimerComponent.m in Sources */,
				36EBCD782895D75760B6D13E /* TimerSystem.m in Sources */,
				36EBC20AF5E2F6163CC095FD /* GLWString.m in Sources */,
				36EBC0E91ADB7E09F1C289AB /* AutoShootComponent.m in Sources */,
				36EBCE4F1C53689B245D9976 /* AutoShootSystem.m in Sources */,
				36EBC53A251FEE4777E179B4 /* GameOverScene.m in Sources */,
				36EBCF65FBBDA94FC50FCC2A /* TutorialScene.m in Sources */,
			);
			runOnlyForDeploymentPostprocessing = 0;
		};
/* End PBXSourcesBuildPhase section */

/* Begin PBXVariantGroup section */
		CE7161AB16EE5EB400A32C9E /* InfoPlist.strings */ = {
			isa = PBXVariantGroup;
			children = (
				CE7161AC16EE5EB400A32C9E /* en */,
			);
			name = InfoPlist.strings;
			sourceTree = "<group>";
		};
/* End PBXVariantGroup section */

/* Begin XCBuildConfiguration section */
		CE7161C416EE5EB500A32C9E /* Debug */ = {
			isa = XCBuildConfiguration;
			buildSettings = {
				ALWAYS_SEARCH_USER_PATHS = NO;
				CLANG_CXX_LANGUAGE_STANDARD = "gnu++0x";
				CLANG_CXX_LIBRARY = "libc++";
				CLANG_ENABLE_OBJC_ARC = YES;
				CLANG_WARN_CONSTANT_CONVERSION = YES;
				CLANG_WARN_EMPTY_BODY = YES;
				CLANG_WARN_ENUM_CONVERSION = YES;
				CLANG_WARN_INT_CONVERSION = YES;
				CLANG_WARN__DUPLICATE_METHOD_MATCH = YES;
				"CODE_SIGN_IDENTITY[sdk=iphoneos*]" = "iPhone Developer";
				COPY_PHASE_STRIP = NO;
				GCC_C_LANGUAGE_STANDARD = gnu99;
				GCC_DYNAMIC_NO_PIC = NO;
				GCC_OPTIMIZATION_LEVEL = 0;
				GCC_PREPROCESSOR_DEFINITIONS = (
					"DEBUG=1",
					"$(inherited)",
				);
				GCC_SYMBOLS_PRIVATE_EXTERN = NO;
				GCC_WARN_ABOUT_RETURN_TYPE = YES;
				GCC_WARN_UNINITIALIZED_AUTOS = YES;
				GCC_WARN_UNUSED_VARIABLE = YES;
				IPHONEOS_DEPLOYMENT_TARGET = 6.1;
				ONLY_ACTIVE_ARCH = YES;
				SDKROOT = iphoneos;
			};
			name = Debug;
		};
		CE7161C516EE5EB500A32C9E /* Release */ = {
			isa = XCBuildConfiguration;
			buildSettings = {
				ALWAYS_SEARCH_USER_PATHS = NO;
				CLANG_CXX_LANGUAGE_STANDARD = "gnu++0x";
				CLANG_CXX_LIBRARY = "libc++";
				CLANG_ENABLE_OBJC_ARC = YES;
				CLANG_WARN_CONSTANT_CONVERSION = YES;
				CLANG_WARN_EMPTY_BODY = YES;
				CLANG_WARN_ENUM_CONVERSION = YES;
				CLANG_WARN_INT_CONVERSION = YES;
				CLANG_WARN__DUPLICATE_METHOD_MATCH = YES;
				"CODE_SIGN_IDENTITY[sdk=iphoneos*]" = "iPhone Developer";
				COPY_PHASE_STRIP = YES;
				GCC_C_LANGUAGE_STANDARD = gnu99;
				GCC_WARN_ABOUT_RETURN_TYPE = YES;
				GCC_WARN_UNINITIALIZED_AUTOS = YES;
				GCC_WARN_UNUSED_VARIABLE = YES;
				IPHONEOS_DEPLOYMENT_TARGET = 6.1;
				OTHER_CFLAGS = "-DNS_BLOCK_ASSERTIONS=1";
				SDKROOT = iphoneos;
				VALIDATE_PRODUCT = YES;
			};
			name = Release;
		};
		CE7161C716EE5EB500A32C9E /* Debug */ = {
			isa = XCBuildConfiguration;
			buildSettings = {
				CLANG_ENABLE_OBJC_ARC = YES;
				GCC_PRECOMPILE_PREFIX_HEADER = YES;
				GCC_PREFIX_HEADER = "asteroids/asteroids-Prefix.pch";
				INFOPLIST_FILE = "asteroids/asteroids-Info.plist";
				IPHONEOS_DEPLOYMENT_TARGET = 6.1;
				PRODUCT_NAME = asteroids;
				TARGETED_DEVICE_FAMILY = "1,2";
				WRAPPER_EXTENSION = app;
			};
			name = Debug;
		};
		CE7161C816EE5EB500A32C9E /* Release */ = {
			isa = XCBuildConfiguration;
			buildSettings = {
				CLANG_ENABLE_OBJC_ARC = YES;
				GCC_PRECOMPILE_PREFIX_HEADER = YES;
				GCC_PREFIX_HEADER = "asteroids/asteroids-Prefix.pch";
				INFOPLIST_FILE = "asteroids/asteroids-Info.plist";
				IPHONEOS_DEPLOYMENT_TARGET = 6.1;
				PRODUCT_NAME = asteroids;
				TARGETED_DEVICE_FAMILY = "1,2";
				WRAPPER_EXTENSION = app;
			};
			name = Release;
		};
/* End XCBuildConfiguration section */

/* Begin XCConfigurationList section */
		CE71619616EE5EB400A32C9E /* Build configuration list for PBXProject "asteroids" */ = {
			isa = XCConfigurationList;
			buildConfigurations = (
				CE7161C416EE5EB500A32C9E /* Debug */,
				CE7161C516EE5EB500A32C9E /* Release */,
			);
			defaultConfigurationIsVisible = 0;
			defaultConfigurationName = Release;
		};
		CE7161C616EE5EB500A32C9E /* Build configuration list for PBXNativeTarget "asteroids" */ = {
			isa = XCConfigurationList;
			buildConfigurations = (
				CE7161C716EE5EB500A32C9E /* Debug */,
				CE7161C816EE5EB500A32C9E /* Release */,
			);
			defaultConfigurationIsVisible = 0;
			defaultConfigurationName = Release;
		};
/* End XCConfigurationList section */
	};
	rootObject = CE71619316EE5EB400A32C9E /* Project object */;
}
