// !$*UTF8*$!
{
	archiveVersion = 1;
	classes = {
	};
	objectVersion = 46;
	objects = {

/* Begin PBXBuildFile section */
		36EBC0457C648A4FFEE07126 /* GLWTextureCache.m in Sources */ = {isa = PBXBuildFile; fileRef = 36EBC4BAE876DE5620E580FD /* GLWTextureCache.m */; };
		36EBC08CCB15F9E08BC8A2B9 /* space.png in Resources */ = {isa = PBXBuildFile; fileRef = 36EBC982D0377BFA73101CD9 /* space.png */; };
		36EBC0B5685EB85E45A7313D /* Entity.m in Sources */ = {isa = PBXBuildFile; fileRef = 36EBCF6F9D8290B362F2A3D4 /* Entity.m */; };
		36EBC0C559D869BCF387C30D /* PhysicalBody.m in Sources */ = {isa = PBXBuildFile; fileRef = 36EBCA14029C260167A445B9 /* PhysicalBody.m */; };
		36EBC1EE6FF5F197649839D1 /* GLWShaderProgram.m in Sources */ = {isa = PBXBuildFile; fileRef = 36EBCCCF0F52320DB7AA36DB /* GLWShaderProgram.m */; };
		36EBC2D9109D20F6870944CD /* GLWSprite.m in Sources */ = {isa = PBXBuildFile; fileRef = 36EBC8873BA1C8021C29011D /* GLWSprite.m */; };
		36EBC3E1C059B53FE581E5A1 /* ComponentLayer.m in Sources */ = {isa = PBXBuildFile; fileRef = 36EBC002C9B53BA10E8D93A0 /* ComponentLayer.m */; };
		36EBC4481D79C4454E6DB4F9 /* GLWSpriteGroup.m in Sources */ = {isa = PBXBuildFile; fileRef = 36EBCA2EA1157E8255DD9785 /* GLWSpriteGroup.m */; };
		36EBC5FC7258161F0819F296 /* Component.m in Sources */ = {isa = PBXBuildFile; fileRef = 36EBC6D36989989353E96FC8 /* Component.m */; };
		36EBC719CD05132E664CF2CC /* GLWMatrix.m in Sources */ = {isa = PBXBuildFile; fileRef = 36EBC75E5DC69D96CEB1C29F /* GLWMatrix.m */; };
		36EBC799FB2F96EB24BB795C /* retina-spaceship.plist in Resources */ = {isa = PBXBuildFile; fileRef = 36EBCE32AF292D64E6D95FC2 /* retina-spaceship.plist */; };
		36EBC869074F9C4E7EEBC9EE /* spaceship.png in Resources */ = {isa = PBXBuildFile; fileRef = 36EBCFDF481FDA91A1E4B23A /* spaceship.png */; };
		36EBC881859FBA327918831E /* GLWTexture.m in Sources */ = {isa = PBXBuildFile; fileRef = 36EBC8B470D73FB998996B17 /* GLWTexture.m */; };
		36EBC8F21218705AD03CE986 /* GLWCamera.m in Sources */ = {isa = PBXBuildFile; fileRef = 36EBCF361CA36478BFD92F23 /* GLWCamera.m */; };
		36EBC903009EA0D42EA36112 /* GLWRenderManager.m in Sources */ = {isa = PBXBuildFile; fileRef = 36EBCAFDD123BF106D283A78 /* GLWRenderManager.m */; };
		36EBC93BEC889FE7242EC248 /* Spaceship.m in Sources */ = {isa = PBXBuildFile; fileRef = 36EBC8F56D5C04BA9341FEF8 /* Spaceship.m */; };
		36EBC9AA8C9FCFC2D57FAEE6 /* DependencyNotFoundException.m in Sources */ = {isa = PBXBuildFile; fileRef = 36EBC78794ABEABE6A235309 /* DependencyNotFoundException.m */; };
		36EBCADEB93978E893ECD319 /* PhysicsComponent.m in Sources */ = {isa = PBXBuildFile; fileRef = 36EBCD25926BC77B8E2A859B /* PhysicsComponent.m */; };
		36EBCB130CF3C7D32FEB8DE0 /* RenderComponent.m in Sources */ = {isa = PBXBuildFile; fileRef = 36EBC41213785419ADE08023 /* RenderComponent.m */; };
		36EBCBB95F4E0D45AC31C3C1 /* System.m in Sources */ = {isa = PBXBuildFile; fileRef = 36EBCDC7324A448579D7CE83 /* System.m */; };
		36EBCBC3D2DEAF75FA781C3A /* GLWTextureRect.m in Sources */ = {isa = PBXBuildFile; fileRef = 36EBC40F25407A1B0CABE6CC /* GLWTextureRect.m */; };
		36EBCBC97E011CD30E5C3DA6 /* retina-space.png in Resources */ = {isa = PBXBuildFile; fileRef = 36EBCCC90D9BC935EA9DB3CE /* retina-space.png */; };
		36EBCBF80349C6569A4FB08B /* EntityManager.m in Sources */ = {isa = PBXBuildFile; fileRef = 36EBCA8BFBA91F7EA0A84152 /* EntityManager.m */; };
		36EBCC41EBB82DDDA1FD9D1C /* SpriteComponent.m in Sources */ = {isa = PBXBuildFile; fileRef = 36EBC507D1E7216A34D3D252 /* SpriteComponent.m */; };
		36EBCCD0CC9AA5A5693D3B6A /* retina-spaceship.png in Resources */ = {isa = PBXBuildFile; fileRef = 36EBC3B1F5F0F3D283224C96 /* retina-spaceship.png */; };
		36EBCDABC347C3EF1AAB1EFD /* GLWObject.m in Sources */ = {isa = PBXBuildFile; fileRef = 36EBC30A84ED9C32F07E3A18 /* GLWObject.m */; };
		36EBCE403AF6093243390DD6 /* GLWAnimation.m in Sources */ = {isa = PBXBuildFile; fileRef = 36EBC4B6A60DE088C88C70B4 /* GLWAnimation.m */; };
		36EBCE753168CC535FCE48BC /* GLWLayer.m in Sources */ = {isa = PBXBuildFile; fileRef = 36EBC434350C587F2987652E /* GLWLayer.m */; };
		36EBCE83138A06E84EE96AE7 /* HelloScene.m in Sources */ = {isa = PBXBuildFile; fileRef = 36EBCA0DD3551D10646D5D39 /* HelloScene.m */; };
		36EBCFBB62D7C93D6CC3EFBD /* spaceship.plist in Resources */ = {isa = PBXBuildFile; fileRef = 36EBCDDAEAB163F015A7E5F5 /* spaceship.plist */; };
		CE3745F516F10AA20067396E /* GLWShaders.m in Sources */ = {isa = PBXBuildFile; fileRef = CE3745F416F10AA20067396E /* GLWShaders.m */; };
		CE3745FD16F10EE40067396E /* GLWShaderManager.m in Sources */ = {isa = PBXBuildFile; fileRef = CE3745FC16F10EE40067396E /* GLWShaderManager.m */; };
		CE71619F16EE5EB400A32C9E /* UIKit.framework in Frameworks */ = {isa = PBXBuildFile; fileRef = CE71619E16EE5EB400A32C9E /* UIKit.framework */; };
		CE7161A116EE5EB400A32C9E /* Foundation.framework in Frameworks */ = {isa = PBXBuildFile; fileRef = CE7161A016EE5EB400A32C9E /* Foundation.framework */; };
		CE7161A316EE5EB400A32C9E /* CoreGraphics.framework in Frameworks */ = {isa = PBXBuildFile; fileRef = CE7161A216EE5EB400A32C9E /* CoreGraphics.framework */; };
		CE7161A716EE5EB400A32C9E /* OpenGLES.framework in Frameworks */ = {isa = PBXBuildFile; fileRef = CE7161A616EE5EB400A32C9E /* OpenGLES.framework */; };
		CE7161AD16EE5EB400A32C9E /* InfoPlist.strings in Resources */ = {isa = PBXBuildFile; fileRef = CE7161AB16EE5EB400A32C9E /* InfoPlist.strings */; };
		CE7161AF16EE5EB400A32C9E /* main.m in Sources */ = {isa = PBXBuildFile; fileRef = CE7161AE16EE5EB400A32C9E /* main.m */; settings = {COMPILER_FLAGS = "-fno-objc-arc"; }; };
		CE7161B316EE5EB400A32C9E /* AppDelegate.m in Sources */ = {isa = PBXBuildFile; fileRef = CE7161B216EE5EB400A32C9E /* AppDelegate.m */; settings = {COMPILER_FLAGS = "-fno-objc-arc"; }; };
		CE7161B516EE5EB400A32C9E /* Default.png in Resources */ = {isa = PBXBuildFile; fileRef = CE7161B416EE5EB400A32C9E /* Default.png */; };
		CE7161B716EE5EB400A32C9E /* Default@2x.png in Resources */ = {isa = PBXBuildFile; fileRef = CE7161B616EE5EB400A32C9E /* Default@2x.png */; };
		CE7161B916EE5EB400A32C9E /* Default-568h@2x.png in Resources */ = {isa = PBXBuildFile; fileRef = CE7161B816EE5EB400A32C9E /* Default-568h@2x.png */; };
		CE7161CB16EE606E00A32C9E /* OpenGLView.m in Sources */ = {isa = PBXBuildFile; fileRef = CE7161CA16EE606E00A32C9E /* OpenGLView.m */; settings = {COMPILER_FLAGS = "-fno-objc-arc"; }; };
		CE7161CD16EE610800A32C9E /* QuartzCore.framework in Frameworks */ = {isa = PBXBuildFile; fileRef = CE7161CC16EE610800A32C9E /* QuartzCore.framework */; };
		CE7161D016EE635600A32C9E /* OpenGLManager.m in Sources */ = {isa = PBXBuildFile; fileRef = CE7161CF16EE635600A32C9E /* OpenGLManager.m */; settings = {COMPILER_FLAGS = "-fno-objc-arc"; }; };
/* End PBXBuildFile section */

/* Begin PBXFileReference section */
		36EBC002C9B53BA10E8D93A0 /* ComponentLayer.m */ = {isa = PBXFileReference; fileEncoding = 4; lastKnownFileType = sourcecode.c.objc; path = ComponentLayer.m; sourceTree = "<group>"; };
		36EBC14963C46F27C681420B /* GLWRenderManager.h */ = {isa = PBXFileReference; fileEncoding = 4; lastKnownFileType = sourcecode.c.h; path = GLWRenderManager.h; sourceTree = "<group>"; };
		36EBC1B68A9F23DC3B69E0A8 /* PhysicalBody.h */ = {isa = PBXFileReference; fileEncoding = 4; lastKnownFileType = sourcecode.c.h; path = PhysicalBody.h; sourceTree = "<group>"; };
		36EBC30A84ED9C32F07E3A18 /* GLWObject.m */ = {isa = PBXFileReference; fileEncoding = 4; lastKnownFileType = sourcecode.c.objc; path = GLWObject.m; sourceTree = "<group>"; };
		36EBC3B1F5F0F3D283224C96 /* retina-spaceship.png */ = {isa = PBXFileReference; lastKnownFileType = image.png; path = "retina-spaceship.png"; sourceTree = "<group>"; };
		36EBC40F25407A1B0CABE6CC /* GLWTextureRect.m */ = {isa = PBXFileReference; fileEncoding = 4; lastKnownFileType = sourcecode.c.objc; path = GLWTextureRect.m; sourceTree = "<group>"; };
		36EBC41213785419ADE08023 /* RenderComponent.m */ = {isa = PBXFileReference; fileEncoding = 4; lastKnownFileType = sourcecode.c.objc; path = RenderComponent.m; sourceTree = "<group>"; };
		36EBC434350C587F2987652E /* GLWLayer.m */ = {isa = PBXFileReference; fileEncoding = 4; lastKnownFileType = sourcecode.c.objc; path = GLWLayer.m; sourceTree = "<group>"; };
		36EBC4B6A60DE088C88C70B4 /* GLWAnimation.m */ = {isa = PBXFileReference; fileEncoding = 4; lastKnownFileType = sourcecode.c.objc; name = GLWAnimation.m; path = ComponentSystem/Systems/GLWAnimation.m; sourceTree = SOURCE_ROOT; };
		36EBC4BAE876DE5620E580FD /* GLWTextureCache.m */ = {isa = PBXFileReference; fileEncoding = 4; lastKnownFileType = sourcecode.c.objc; path = GLWTextureCache.m; sourceTree = "<group>"; };
		36EBC4E7330BE55E4379220D /* GLWShaderProgram.h */ = {isa = PBXFileReference; fileEncoding = 4; lastKnownFileType = sourcecode.c.h; path = GLWShaderProgram.h; sourceTree = "<group>"; };
		36EBC507D1E7216A34D3D252 /* SpriteComponent.m */ = {isa = PBXFileReference; fileEncoding = 4; lastKnownFileType = sourcecode.c.objc; path = SpriteComponent.m; sourceTree = "<group>"; };
		36EBC5DC53E12C78FBC40576 /* GLWMacro.h */ = {isa = PBXFileReference; fileEncoding = 4; lastKnownFileType = sourcecode.c.h; path = GLWMacro.h; sourceTree = "<group>"; };
		36EBC5FB9D9C2E77DE622FE7 /* GLWMath.h */ = {isa = PBXFileReference; fileEncoding = 4; lastKnownFileType = sourcecode.c.h; path = GLWMath.h; sourceTree = "<group>"; };
		36EBC61C19652B17820B8F14 /* GLWSpriteGroup.h */ = {isa = PBXFileReference; fileEncoding = 4; lastKnownFileType = sourcecode.c.h; path = GLWSpriteGroup.h; sourceTree = "<group>"; };
		36EBC6528B139F349D2DEECE /* HelloScene.h */ = {isa = PBXFileReference; fileEncoding = 4; lastKnownFileType = sourcecode.c.h; path = HelloScene.h; sourceTree = "<group>"; };
		36EBC66A426F37EEE28D9545 /* GLWObject.h */ = {isa = PBXFileReference; fileEncoding = 4; lastKnownFileType = sourcecode.c.h; path = GLWObject.h; sourceTree = "<group>"; };
		36EBC68F53DB1ECD07991788 /* PhysicsComponent.h */ = {isa = PBXFileReference; fileEncoding = 4; lastKnownFileType = sourcecode.c.h; path = PhysicsComponent.h; sourceTree = "<group>"; };
		36EBC694B8414852B53083CC /* GLWTextureCache.h */ = {isa = PBXFileReference; fileEncoding = 4; lastKnownFileType = sourcecode.c.h; path = GLWTextureCache.h; sourceTree = "<group>"; };
		36EBC6CE65D89614605DF931 /* Component.h */ = {isa = PBXFileReference; fileEncoding = 4; lastKnownFileType = sourcecode.c.h; path = Component.h; sourceTree = "<group>"; };
		36EBC6D36989989353E96FC8 /* Component.m */ = {isa = PBXFileReference; fileEncoding = 4; lastKnownFileType = sourcecode.c.objc; path = Component.m; sourceTree = "<group>"; };
		36EBC730F69FA15AB26069C9 /* ComponentLayer.h */ = {isa = PBXFileReference; fileEncoding = 4; lastKnownFileType = sourcecode.c.h; path = ComponentLayer.h; sourceTree = "<group>"; };
		36EBC746EA660003F5B91147 /* Spaceship.h */ = {isa = PBXFileReference; fileEncoding = 4; lastKnownFileType = sourcecode.c.h; path = Spaceship.h; sourceTree = "<group>"; };
		36EBC75E5DC69D96CEB1C29F /* GLWMatrix.m */ = {isa = PBXFileReference; fileEncoding = 4; lastKnownFileType = sourcecode.c.objc; path = GLWMatrix.m; sourceTree = "<group>"; };
		36EBC78794ABEABE6A235309 /* DependencyNotFoundException.m */ = {isa = PBXFileReference; fileEncoding = 4; lastKnownFileType = sourcecode.c.objc; path = DependencyNotFoundException.m; sourceTree = "<group>"; };
		36EBC804889BCB8DD4757DA9 /* GLWMatrix.h */ = {isa = PBXFileReference; fileEncoding = 4; lastKnownFileType = sourcecode.c.h; path = GLWMatrix.h; sourceTree = "<group>"; };
		36EBC818084647EB002DE223 /* GLWTextureRect.h */ = {isa = PBXFileReference; fileEncoding = 4; lastKnownFileType = sourcecode.c.h; path = GLWTextureRect.h; sourceTree = "<group>"; };
		36EBC8480D2E6094114D2EB6 /* GLWTexture.h */ = {isa = PBXFileReference; fileEncoding = 4; lastKnownFileType = sourcecode.c.h; path = GLWTexture.h; sourceTree = "<group>"; };
		36EBC8873BA1C8021C29011D /* GLWSprite.m */ = {isa = PBXFileReference; fileEncoding = 4; lastKnownFileType = sourcecode.c.objc; path = GLWSprite.m; sourceTree = "<group>"; };
		36EBC8B470D73FB998996B17 /* GLWTexture.m */ = {isa = PBXFileReference; fileEncoding = 4; lastKnownFileType = sourcecode.c.objc; path = GLWTexture.m; sourceTree = "<group>"; };
		36EBC8F56D5C04BA9341FEF8 /* Spaceship.m */ = {isa = PBXFileReference; fileEncoding = 4; lastKnownFileType = sourcecode.c.objc; path = Spaceship.m; sourceTree = "<group>"; };
		36EBC91F23814D7E2D934DF2 /* SpriteComponent.h */ = {isa = PBXFileReference; fileEncoding = 4; lastKnownFileType = sourcecode.c.h; path = SpriteComponent.h; sourceTree = "<group>"; };
		36EBC939D5618E9A81090EDE /* GLWTypes.h */ = {isa = PBXFileReference; fileEncoding = 4; lastKnownFileType = sourcecode.c.h; path = GLWTypes.h; sourceTree = "<group>"; };
		36EBC93D0612F052C1255447 /* DependencyNotFoundException.h */ = {isa = PBXFileReference; fileEncoding = 4; lastKnownFileType = sourcecode.c.h; path = DependencyNotFoundException.h; sourceTree = "<group>"; };
		36EBC982D0377BFA73101CD9 /* space.png */ = {isa = PBXFileReference; lastKnownFileType = image.png; path = space.png; sourceTree = "<group>"; };
		36EBCA0DD3551D10646D5D39 /* HelloScene.m */ = {isa = PBXFileReference; fileEncoding = 4; lastKnownFileType = sourcecode.c.objc; path = HelloScene.m; sourceTree = "<group>"; };
		36EBCA14029C260167A445B9 /* PhysicalBody.m */ = {isa = PBXFileReference; fileEncoding = 4; lastKnownFileType = sourcecode.c.objc; path = PhysicalBody.m; sourceTree = "<group>"; };
		36EBCA2EA1157E8255DD9785 /* GLWSpriteGroup.m */ = {isa = PBXFileReference; fileEncoding = 4; lastKnownFileType = sourcecode.c.objc; path = GLWSpriteGroup.m; sourceTree = "<group>"; };
		36EBCA8BFBA91F7EA0A84152 /* EntityManager.m */ = {isa = PBXFileReference; fileEncoding = 4; lastKnownFileType = sourcecode.c.objc; path = EntityManager.m; sourceTree = "<group>"; };
		36EBCAFDD123BF106D283A78 /* GLWRenderManager.m */ = {isa = PBXFileReference; fileEncoding = 4; lastKnownFileType = sourcecode.c.objc; path = GLWRenderManager.m; sourceTree = "<group>"; };
		36EBCB0184C830961CD38CA8 /* Entity.h */ = {isa = PBXFileReference; fileEncoding = 4; lastKnownFileType = sourcecode.c.h; path = Entity.h; sourceTree = "<group>"; };
		36EBCCC90D9BC935EA9DB3CE /* retina-space.png */ = {isa = PBXFileReference; lastKnownFileType = image.png; path = "retina-space.png"; sourceTree = "<group>"; };
		36EBCCCF0F52320DB7AA36DB /* GLWShaderProgram.m */ = {isa = PBXFileReference; fileEncoding = 4; lastKnownFileType = sourcecode.c.objc; path = GLWShaderProgram.m; sourceTree = "<group>"; };
		36EBCCE8CFB470C0071B6739 /* GLWSprite.h */ = {isa = PBXFileReference; fileEncoding = 4; lastKnownFileType = sourcecode.c.h; path = GLWSprite.h; sourceTree = "<group>"; };
		36EBCD25926BC77B8E2A859B /* PhysicsComponent.m */ = {isa = PBXFileReference; fileEncoding = 4; lastKnownFileType = sourcecode.c.objc; path = PhysicsComponent.m; sourceTree = "<group>"; };
		36EBCD2B8D9581E7EB8EDE09 /* GLWCamera.h */ = {isa = PBXFileReference; fileEncoding = 4; lastKnownFileType = sourcecode.c.h; path = GLWCamera.h; sourceTree = "<group>"; };
		36EBCD494D792A877D84448A /* GLWLayer.h */ = {isa = PBXFileReference; fileEncoding = 4; lastKnownFileType = sourcecode.c.h; path = GLWLayer.h; sourceTree = "<group>"; };
		36EBCDC7324A448579D7CE83 /* System.m */ = {isa = PBXFileReference; fileEncoding = 4; lastKnownFileType = sourcecode.c.objc; path = System.m; sourceTree = "<group>"; };
		36EBCDDAEAB163F015A7E5F5 /* spaceship.plist */ = {isa = PBXFileReference; fileEncoding = 4; lastKnownFileType = text.plist; path = spaceship.plist; sourceTree = "<group>"; };
		36EBCE1F8F8AA88D0E413C98 /* GLWAnimation.h */ = {isa = PBXFileReference; fileEncoding = 4; lastKnownFileType = sourcecode.c.h; name = GLWAnimation.h; path = ComponentSystem/Systems/GLWAnimation.h; sourceTree = SOURCE_ROOT; };
		36EBCE32AF292D64E6D95FC2 /* retina-spaceship.plist */ = {isa = PBXFileReference; fileEncoding = 4; lastKnownFileType = text.plist; path = "retina-spaceship.plist"; sourceTree = "<group>"; };
		36EBCE3FDFEDC01EF5EB6051 /* RenderComponent.h */ = {isa = PBXFileReference; fileEncoding = 4; lastKnownFileType = sourcecode.c.h; path = RenderComponent.h; sourceTree = "<group>"; };
		36EBCF21660E6F235CE8020C /* EntityManager.h */ = {isa = PBXFileReference; fileEncoding = 4; lastKnownFileType = sourcecode.c.h; path = EntityManager.h; sourceTree = "<group>"; };
		36EBCF361CA36478BFD92F23 /* GLWCamera.m */ = {isa = PBXFileReference; fileEncoding = 4; lastKnownFileType = sourcecode.c.objc; path = GLWCamera.m; sourceTree = "<group>"; };
		36EBCF6F9D8290B362F2A3D4 /* Entity.m */ = {isa = PBXFileReference; fileEncoding = 4; lastKnownFileType = sourcecode.c.objc; path = Entity.m; sourceTree = "<group>"; };
		36EBCF811AF056C9C2FE150D /* System.h */ = {isa = PBXFileReference; fileEncoding = 4; lastKnownFileType = sourcecode.c.h; path = System.h; sourceTree = "<group>"; };
		36EBCFDF481FDA91A1E4B23A /* spaceship.png */ = {isa = PBXFileReference; lastKnownFileType = image.png; path = spaceship.png; sourceTree = "<group>"; };
		CE3745F316F10AA20067396E /* GLWShaders.h */ = {isa = PBXFileReference; fileEncoding = 4; lastKnownFileType = sourcecode.c.h; path = GLWShaders.h; sourceTree = "<group>"; };
		CE3745F416F10AA20067396E /* GLWShaders.m */ = {isa = PBXFileReference; fileEncoding = 4; lastKnownFileType = sourcecode.c.objc; path = GLWShaders.m; sourceTree = "<group>"; };
		CE3745F716F10BE60067396E /* GLWDefaultVertex.h */ = {isa = PBXFileReference; fileEncoding = 4; lastKnownFileType = sourcecode.c.h; path = GLWDefaultVertex.h; sourceTree = "<group>"; };
		CE3745FA16F10D300067396E /* GLWDefaultFragment.h */ = {isa = PBXFileReference; lastKnownFileType = sourcecode.c.h; path = GLWDefaultFragment.h; sourceTree = "<group>"; };
		CE3745FB16F10EE30067396E /* GLWShaderManager.h */ = {isa = PBXFileReference; fileEncoding = 4; lastKnownFileType = sourcecode.c.h; path = GLWShaderManager.h; sourceTree = "<group>"; };
		CE3745FC16F10EE40067396E /* GLWShaderManager.m */ = {isa = PBXFileReference; fileEncoding = 4; lastKnownFileType = sourcecode.c.objc; path = GLWShaderManager.m; sourceTree = "<group>"; };
		CE71619B16EE5EB400A32C9E /* pacman.app */ = {isa = PBXFileReference; explicitFileType = wrapper.application; includeInIndex = 0; path = pacman.app; sourceTree = BUILT_PRODUCTS_DIR; };
		CE71619E16EE5EB400A32C9E /* UIKit.framework */ = {isa = PBXFileReference; lastKnownFileType = wrapper.framework; name = UIKit.framework; path = System/Library/Frameworks/UIKit.framework; sourceTree = SDKROOT; };
		CE7161A016EE5EB400A32C9E /* Foundation.framework */ = {isa = PBXFileReference; lastKnownFileType = wrapper.framework; name = Foundation.framework; path = System/Library/Frameworks/Foundation.framework; sourceTree = SDKROOT; };
		CE7161A216EE5EB400A32C9E /* CoreGraphics.framework */ = {isa = PBXFileReference; lastKnownFileType = wrapper.framework; name = CoreGraphics.framework; path = System/Library/Frameworks/CoreGraphics.framework; sourceTree = SDKROOT; };
		CE7161A616EE5EB400A32C9E /* OpenGLES.framework */ = {isa = PBXFileReference; lastKnownFileType = wrapper.framework; name = OpenGLES.framework; path = System/Library/Frameworks/OpenGLES.framework; sourceTree = SDKROOT; };
		CE7161AA16EE5EB400A32C9E /* pacman-Info.plist */ = {isa = PBXFileReference; lastKnownFileType = text.plist.xml; path = "pacman-Info.plist"; sourceTree = "<group>"; };
		CE7161AC16EE5EB400A32C9E /* en */ = {isa = PBXFileReference; lastKnownFileType = text.plist.strings; name = en; path = en.lproj/InfoPlist.strings; sourceTree = "<group>"; };
		CE7161AE16EE5EB400A32C9E /* main.m */ = {isa = PBXFileReference; lastKnownFileType = sourcecode.c.objc; path = main.m; sourceTree = "<group>"; };
		CE7161B016EE5EB400A32C9E /* pacman-Prefix.pch */ = {isa = PBXFileReference; lastKnownFileType = sourcecode.c.h; path = "pacman-Prefix.pch"; sourceTree = "<group>"; };
		CE7161B116EE5EB400A32C9E /* AppDelegate.h */ = {isa = PBXFileReference; lastKnownFileType = sourcecode.c.h; path = AppDelegate.h; sourceTree = "<group>"; };
		CE7161B216EE5EB400A32C9E /* AppDelegate.m */ = {isa = PBXFileReference; lastKnownFileType = sourcecode.c.objc; path = AppDelegate.m; sourceTree = "<group>"; };
		CE7161B416EE5EB400A32C9E /* Default.png */ = {isa = PBXFileReference; lastKnownFileType = image.png; path = Default.png; sourceTree = "<group>"; };
		CE7161B616EE5EB400A32C9E /* Default@2x.png */ = {isa = PBXFileReference; lastKnownFileType = image.png; path = "Default@2x.png"; sourceTree = "<group>"; };
		CE7161B816EE5EB400A32C9E /* Default-568h@2x.png */ = {isa = PBXFileReference; lastKnownFileType = image.png; path = "Default-568h@2x.png"; sourceTree = "<group>"; };
		CE7161C916EE606E00A32C9E /* OpenGLView.h */ = {isa = PBXFileReference; fileEncoding = 4; lastKnownFileType = sourcecode.c.h; path = OpenGLView.h; sourceTree = "<group>"; };
		CE7161CA16EE606E00A32C9E /* OpenGLView.m */ = {isa = PBXFileReference; fileEncoding = 4; lastKnownFileType = sourcecode.c.objc; path = OpenGLView.m; sourceTree = "<group>"; };
		CE7161CC16EE610800A32C9E /* QuartzCore.framework */ = {isa = PBXFileReference; lastKnownFileType = wrapper.framework; name = QuartzCore.framework; path = System/Library/Frameworks/QuartzCore.framework; sourceTree = SDKROOT; };
		CE7161CE16EE635600A32C9E /* OpenGLManager.h */ = {isa = PBXFileReference; fileEncoding = 4; lastKnownFileType = sourcecode.c.h; path = OpenGLManager.h; sourceTree = "<group>"; };
		CE7161CF16EE635600A32C9E /* OpenGLManager.m */ = {isa = PBXFileReference; fileEncoding = 4; lastKnownFileType = sourcecode.c.objc; path = OpenGLManager.m; sourceTree = "<group>"; };
		CE7161D116EE638200A32C9E /* OpenGLConfig.h */ = {isa = PBXFileReference; lastKnownFileType = sourcecode.c.h; path = OpenGLConfig.h; sourceTree = "<group>"; };
		CE7161D516EE84DB00A32C9E /* Debug.h */ = {isa = PBXFileReference; lastKnownFileType = sourcecode.c.h; name = Debug.h; path = ../Debug.h; sourceTree = "<group>"; };
/* End PBXFileReference section */

/* Begin PBXFrameworksBuildPhase section */
		CE71619816EE5EB400A32C9E /* Frameworks */ = {
			isa = PBXFrameworksBuildPhase;
			buildActionMask = 2147483647;
			files = (
				CE7161CD16EE610800A32C9E /* QuartzCore.framework in Frameworks */,
				CE71619F16EE5EB400A32C9E /* UIKit.framework in Frameworks */,
				CE7161A116EE5EB400A32C9E /* Foundation.framework in Frameworks */,
				CE7161A316EE5EB400A32C9E /* CoreGraphics.framework in Frameworks */,
				CE7161A716EE5EB400A32C9E /* OpenGLES.framework in Frameworks */,
			);
			runOnlyForDeploymentPostprocessing = 0;
		};
/* End PBXFrameworksBuildPhase section */

/* Begin PBXGroup section */
		36EBC0507E1B70D076BC3B8C /* Systems */ = {
			isa = PBXGroup;
			children = (
			);
			path = Systems;
			sourceTree = "<group>";
		};
		36EBC099A50A649B4FA74AA6 /* Math */ = {
			isa = PBXGroup;
			children = (
				36EBC75E5DC69D96CEB1C29F /* GLWMatrix.m */,
				36EBC804889BCB8DD4757DA9 /* GLWMatrix.h */,
				36EBC939D5618E9A81090EDE /* GLWTypes.h */,
				36EBC5FB9D9C2E77DE622FE7 /* GLWMath.h */,
			);
			name = Math;
			sourceTree = "<group>";
		};
		36EBC24E7521E5D2246323F5 /* Framework */ = {
			isa = PBXGroup;
			children = (
				36EBC002C9B53BA10E8D93A0 /* ComponentLayer.m */,
				36EBC730F69FA15AB26069C9 /* ComponentLayer.h */,
			);
			path = Framework;
			sourceTree = "<group>";
		};
		36EBC48D77D42D34A46BB798 /* Classes */ = {
			isa = PBXGroup;
			children = (
				36EBC8F56D5C04BA9341FEF8 /* Spaceship.m */,
				36EBC746EA660003F5B91147 /* Spaceship.h */,
				36EBCA14029C260167A445B9 /* PhysicalBody.m */,
				36EBC1B68A9F23DC3B69E0A8 /* PhysicalBody.h */,
			);
			path = Classes;
			sourceTree = "<group>";
		};
		36EBC7BC091D18D75245D905 /* Assets */ = {
			isa = PBXGroup;
			children = (
				36EBCDDAEAB163F015A7E5F5 /* spaceship.plist */,
				36EBCFDF481FDA91A1E4B23A /* spaceship.png */,
				36EBCE32AF292D64E6D95FC2 /* retina-spaceship.plist */,
				36EBC3B1F5F0F3D283224C96 /* retina-spaceship.png */,
				36EBC982D0377BFA73101CD9 /* space.png */,
				36EBCCC90D9BC935EA9DB3CE /* retina-space.png */,
			);
			path = Assets;
			sourceTree = "<group>";
		};
		36EBC8E56FE8471A42B5B0E6 /* ComponentSystem */ = {
			isa = PBXGroup;
			children = (
				36EBCF6F9D8290B362F2A3D4 /* Entity.m */,
				36EBC93D0612F052C1255447 /* DependencyNotFoundException.h */,
				36EBCB0184C830961CD38CA8 /* Entity.h */,
				36EBCDC7324A448579D7CE83 /* System.m */,
				36EBC6D36989989353E96FC8 /* Component.m */,
				36EBC78794ABEABE6A235309 /* DependencyNotFoundException.m */,
				36EBCA8BFBA91F7EA0A84152 /* EntityManager.m */,
				36EBCF811AF056C9C2FE150D /* System.h */,
				36EBCF21660E6F235CE8020C /* EntityManager.h */,
				36EBC6CE65D89614605DF931 /* Component.h */,
				36EBC24E7521E5D2246323F5 /* Framework */,
				36EBCA6A3940B2308C3F3A05 /* Components */,
				36EBC0507E1B70D076BC3B8C /* Systems */,
			);
			path = ComponentSystem;
			sourceTree = "<group>";
		};
		36EBCA6A3940B2308C3F3A05 /* Components */ = {
			isa = PBXGroup;
			children = (
				36EBC507D1E7216A34D3D252 /* SpriteComponent.m */,
				36EBC91F23814D7E2D934DF2 /* SpriteComponent.h */,
				36EBC41213785419ADE08023 /* RenderComponent.m */,
				36EBCE3FDFEDC01EF5EB6051 /* RenderComponent.h */,
				36EBCD25926BC77B8E2A859B /* PhysicsComponent.m */,
				36EBC68F53DB1ECD07991788 /* PhysicsComponent.h */,
			);
			path = Components;
			sourceTree = "<group>";
		};
		CE3745F116F10A1E0067396E /* GLWrapper */ = {
			isa = PBXGroup;
			children = (
				CE3745F616F10BC00067396E /* Shaders */,
				36EBC099A50A649B4FA74AA6 /* Math */,
				36EBC14963C46F27C681420B /* GLWRenderManager.h */,
				36EBCAFDD123BF106D283A78 /* GLWRenderManager.m */,
				36EBCF361CA36478BFD92F23 /* GLWCamera.m */,
				36EBCD2B8D9581E7EB8EDE09 /* GLWCamera.h */,
				36EBCA2EA1157E8255DD9785 /* GLWSpriteGroup.m */,
				36EBC61C19652B17820B8F14 /* GLWSpriteGroup.h */,
				36EBC30A84ED9C32F07E3A18 /* GLWObject.m */,
				36EBC66A426F37EEE28D9545 /* GLWObject.h */,
				36EBC434350C587F2987652E /* GLWLayer.m */,
				36EBCD494D792A877D84448A /* GLWLayer.h */,
				36EBC8873BA1C8021C29011D /* GLWSprite.m */,
				36EBCCE8CFB470C0071B6739 /* GLWSprite.h */,
				36EBC8B470D73FB998996B17 /* GLWTexture.m */,
				36EBC8480D2E6094114D2EB6 /* GLWTexture.h */,
				36EBC4BAE876DE5620E580FD /* GLWTextureCache.m */,
				36EBC694B8414852B53083CC /* GLWTextureCache.h */,
				36EBC40F25407A1B0CABE6CC /* GLWTextureRect.m */,
				36EBC818084647EB002DE223 /* GLWTextureRect.h */,
				36EBC5DC53E12C78FBC40576 /* GLWMacro.h */,
				36EBCE1F8F8AA88D0E413C98 /* GLWAnimation.h */,
				36EBC4B6A60DE088C88C70B4 /* GLWAnimation.m */,
			);
			name = GLWrapper;
			sourceTree = "<group>";
		};
		CE3745F616F10BC00067396E /* Shaders */ = {
			isa = PBXGroup;
			children = (
				CE3745F316F10AA20067396E /* GLWShaders.h */,
				CE3745F416F10AA20067396E /* GLWShaders.m */,
				CE3745F716F10BE60067396E /* GLWDefaultVertex.h */,
				CE3745FA16F10D300067396E /* GLWDefaultFragment.h */,
				CE3745FB16F10EE30067396E /* GLWShaderManager.h */,
				CE3745FC16F10EE40067396E /* GLWShaderManager.m */,
				36EBCCCF0F52320DB7AA36DB /* GLWShaderProgram.m */,
				36EBC4E7330BE55E4379220D /* GLWShaderProgram.h */,
			);
			name = Shaders;
			sourceTree = "<group>";
		};
		CE71619216EE5EB400A32C9E = {
			isa = PBXGroup;
			children = (
				CE7161D116EE638200A32C9E /* OpenGLConfig.h */,
				CE7161CE16EE635600A32C9E /* OpenGLManager.h */,
				CE7161CF16EE635600A32C9E /* OpenGLManager.m */,
				CE7161A816EE5EB400A32C9E /* pacman */,
				CE71619D16EE5EB400A32C9E /* Frameworks */,
				CE71619C16EE5EB400A32C9E /* Products */,
				36EBC8E56FE8471A42B5B0E6 /* ComponentSystem */,
			);
			sourceTree = "<group>";
		};
		CE71619C16EE5EB400A32C9E /* Products */ = {
			isa = PBXGroup;
			children = (
				CE71619B16EE5EB400A32C9E /* pacman.app */,
			);
			name = Products;
			sourceTree = "<group>";
		};
		CE71619D16EE5EB400A32C9E /* Frameworks */ = {
			isa = PBXGroup;
			children = (
				CE7161CC16EE610800A32C9E /* QuartzCore.framework */,
				CE71619E16EE5EB400A32C9E /* UIKit.framework */,
				CE7161A016EE5EB400A32C9E /* Foundation.framework */,
				CE7161A216EE5EB400A32C9E /* CoreGraphics.framework */,
				CE7161A616EE5EB400A32C9E /* OpenGLES.framework */,
			);
			name = Frameworks;
			sourceTree = "<group>";
		};
		CE7161A816EE5EB400A32C9E /* pacman */ = {
			isa = PBXGroup;
			children = (
				CE3745F116F10A1E0067396E /* GLWrapper */,
				CE7161B116EE5EB400A32C9E /* AppDelegate.h */,
				CE7161B216EE5EB400A32C9E /* AppDelegate.m */,
				CE7161A916EE5EB400A32C9E /* Supporting Files */,
				CE7161C916EE606E00A32C9E /* OpenGLView.h */,
				CE7161CA16EE606E00A32C9E /* OpenGLView.m */,
				36EBCA0DD3551D10646D5D39 /* HelloScene.m */,
				36EBC6528B139F349D2DEECE /* HelloScene.h */,
				36EBC48D77D42D34A46BB798 /* Classes */,
				36EBC7BC091D18D75245D905 /* Assets */,
			);
			path = pacman;
			sourceTree = "<group>";
		};
		CE7161A916EE5EB400A32C9E /* Supporting Files */ = {
			isa = PBXGroup;
			children = (
				CE7161D516EE84DB00A32C9E /* Debug.h */,
				CE7161AA16EE5EB400A32C9E /* pacman-Info.plist */,
				CE7161AB16EE5EB400A32C9E /* InfoPlist.strings */,
				CE7161AE16EE5EB400A32C9E /* main.m */,
				CE7161B016EE5EB400A32C9E /* pacman-Prefix.pch */,
				CE7161B416EE5EB400A32C9E /* Default.png */,
				CE7161B616EE5EB400A32C9E /* Default@2x.png */,
				CE7161B816EE5EB400A32C9E /* Default-568h@2x.png */,
			);
			name = "Supporting Files";
			sourceTree = "<group>";
		};
/* End PBXGroup section */

/* Begin PBXNativeTarget section */
		CE71619A16EE5EB400A32C9E /* pacman */ = {
			isa = PBXNativeTarget;
			buildConfigurationList = CE7161C616EE5EB500A32C9E /* Build configuration list for PBXNativeTarget "pacman" */;
			buildPhases = (
				CE71619716EE5EB400A32C9E /* Sources */,
				CE71619816EE5EB400A32C9E /* Frameworks */,
				CE71619916EE5EB400A32C9E /* Resources */,
			);
			buildRules = (
			);
			dependencies = (
			);
			name = pacman;
			productName = pacman;
			productReference = CE71619B16EE5EB400A32C9E /* pacman.app */;
			productType = "com.apple.product-type.application";
		};
/* End PBXNativeTarget section */

/* Begin PBXProject section */
		CE71619316EE5EB400A32C9E /* Project object */ = {
			isa = PBXProject;
			attributes = {
				LastUpgradeCheck = 0460;
				ORGANIZATIONNAME = JohnPoison;
			};
			buildConfigurationList = CE71619616EE5EB400A32C9E /* Build configuration list for PBXProject "pacman" */;
			compatibilityVersion = "Xcode 3.2";
			developmentRegion = English;
			hasScannedForEncodings = 0;
			knownRegions = (
				en,
			);
			mainGroup = CE71619216EE5EB400A32C9E;
			productRefGroup = CE71619C16EE5EB400A32C9E /* Products */;
			projectDirPath = "";
			projectRoot = "";
			targets = (
				CE71619A16EE5EB400A32C9E /* pacman */,
			);
		};
/* End PBXProject section */

/* Begin PBXResourcesBuildPhase section */
		CE71619916EE5EB400A32C9E /* Resources */ = {
			isa = PBXResourcesBuildPhase;
			buildActionMask = 2147483647;
			files = (
				CE7161AD16EE5EB400A32C9E /* InfoPlist.strings in Resources */,
				CE7161B516EE5EB400A32C9E /* Default.png in Resources */,
				CE7161B716EE5EB400A32C9E /* Default@2x.png in Resources */,
				CE7161B916EE5EB400A32C9E /* Default-568h@2x.png in Resources */,
				36EBCFBB62D7C93D6CC3EFBD /* spaceship.plist in Resources */,
				36EBC869074F9C4E7EEBC9EE /* spaceship.png in Resources */,
				36EBC799FB2F96EB24BB795C /* retina-spaceship.plist in Resources */,
				36EBCCD0CC9AA5A5693D3B6A /* retina-spaceship.png in Resources */,
				36EBC08CCB15F9E08BC8A2B9 /* space.png in Resources */,
				36EBCBC97E011CD30E5C3DA6 /* retina-space.png in Resources */,
			);
			runOnlyForDeploymentPostprocessing = 0;
		};
/* End PBXResourcesBuildPhase section */

/* Begin PBXSourcesBuildPhase section */
		CE71619716EE5EB400A32C9E /* Sources */ = {
			isa = PBXSourcesBuildPhase;
			buildActionMask = 2147483647;
			files = (
				CE7161AF16EE5EB400A32C9E /* main.m in Sources */,
				CE7161B316EE5EB400A32C9E /* AppDelegate.m in Sources */,
				CE7161CB16EE606E00A32C9E /* OpenGLView.m in Sources */,
				CE7161D016EE635600A32C9E /* OpenGLManager.m in Sources */,
				CE3745F516F10AA20067396E /* GLWShaders.m in Sources */,
				CE3745FD16F10EE40067396E /* GLWShaderManager.m in Sources */,
				36EBC1EE6FF5F197649839D1 /* GLWShaderProgram.m in Sources */,
				36EBC903009EA0D42EA36112 /* GLWRenderManager.m in Sources */,
				36EBC719CD05132E664CF2CC /* GLWMatrix.m in Sources */,
				36EBC8F21218705AD03CE986 /* GLWCamera.m in Sources */,
				36EBC4481D79C4454E6DB4F9 /* GLWSpriteGroup.m in Sources */,
				36EBCDABC347C3EF1AAB1EFD /* GLWObject.m in Sources */,
				36EBCE753168CC535FCE48BC /* GLWLayer.m in Sources */,
				36EBCE83138A06E84EE96AE7 /* HelloScene.m in Sources */,
				36EBC2D9109D20F6870944CD /* GLWSprite.m in Sources */,
				36EBC881859FBA327918831E /* GLWTexture.m in Sources */,
				36EBC0457C648A4FFEE07126 /* GLWTextureCache.m in Sources */,
				36EBCBC3D2DEAF75FA781C3A /* GLWTextureRect.m in Sources */,
				36EBC0B5685EB85E45A7313D /* Entity.m in Sources */,
				36EBCBB95F4E0D45AC31C3C1 /* System.m in Sources */,
				36EBC5FC7258161F0819F296 /* Component.m in Sources */,
				36EBC9AA8C9FCFC2D57FAEE6 /* DependencyNotFoundException.m in Sources */,
				36EBCBF80349C6569A4FB08B /* EntityManager.m in Sources */,
				36EBC3E1C059B53FE581E5A1 /* ComponentLayer.m in Sources */,
				36EBCC41EBB82DDDA1FD9D1C /* SpriteComponent.m in Sources */,
				36EBC93BEC889FE7242EC248 /* Spaceship.m in Sources */,
				36EBCB130CF3C7D32FEB8DE0 /* RenderComponent.m in Sources */,
				36EBCE403AF6093243390DD6 /* GLWAnimation.m in Sources */,
				36EBCADEB93978E893ECD319 /* PhysicsComponent.m in Sources */,
				36EBC0C559D869BCF387C30D /* PhysicalBody.m in Sources */,
			);
			runOnlyForDeploymentPostprocessing = 0;
		};
/* End PBXSourcesBuildPhase section */

/* Begin PBXVariantGroup section */
		CE7161AB16EE5EB400A32C9E /* InfoPlist.strings */ = {
			isa = PBXVariantGroup;
			children = (
				CE7161AC16EE5EB400A32C9E /* en */,
			);
			name = InfoPlist.strings;
			sourceTree = "<group>";
		};
/* End PBXVariantGroup section */

/* Begin XCBuildConfiguration section */
		CE7161C416EE5EB500A32C9E /* Debug */ = {
			isa = XCBuildConfiguration;
			buildSettings = {
				ALWAYS_SEARCH_USER_PATHS = NO;
				CLANG_CXX_LANGUAGE_STANDARD = "gnu++0x";
				CLANG_CXX_LIBRARY = "libc++";
				CLANG_ENABLE_OBJC_ARC = YES;
				CLANG_WARN_CONSTANT_CONVERSION = YES;
				CLANG_WARN_EMPTY_BODY = YES;
				CLANG_WARN_ENUM_CONVERSION = YES;
				CLANG_WARN_INT_CONVERSION = YES;
				CLANG_WARN__DUPLICATE_METHOD_MATCH = YES;
				"CODE_SIGN_IDENTITY[sdk=iphoneos*]" = "iPhone Developer";
				COPY_PHASE_STRIP = NO;
				GCC_C_LANGUAGE_STANDARD = gnu99;
				GCC_DYNAMIC_NO_PIC = NO;
				GCC_OPTIMIZATION_LEVEL = 0;
				GCC_PREPROCESSOR_DEFINITIONS = (
					"DEBUG=1",
					"$(inherited)",
				);
				GCC_SYMBOLS_PRIVATE_EXTERN = NO;
				GCC_WARN_ABOUT_RETURN_TYPE = YES;
				GCC_WARN_UNINITIALIZED_AUTOS = YES;
				GCC_WARN_UNUSED_VARIABLE = YES;
				IPHONEOS_DEPLOYMENT_TARGET = 6.1;
				ONLY_ACTIVE_ARCH = YES;
				SDKROOT = iphoneos;
			};
			name = Debug;
		};
		CE7161C516EE5EB500A32C9E /* Release */ = {
			isa = XCBuildConfiguration;
			buildSettings = {
				ALWAYS_SEARCH_USER_PATHS = NO;
				CLANG_CXX_LANGUAGE_STANDARD = "gnu++0x";
				CLANG_CXX_LIBRARY = "libc++";
				CLANG_ENABLE_OBJC_ARC = YES;
				CLANG_WARN_CONSTANT_CONVERSION = YES;
				CLANG_WARN_EMPTY_BODY = YES;
				CLANG_WARN_ENUM_CONVERSION = YES;
				CLANG_WARN_INT_CONVERSION = YES;
				CLANG_WARN__DUPLICATE_METHOD_MATCH = YES;
				"CODE_SIGN_IDENTITY[sdk=iphoneos*]" = "iPhone Developer";
				COPY_PHASE_STRIP = YES;
				GCC_C_LANGUAGE_STANDARD = gnu99;
				GCC_WARN_ABOUT_RETURN_TYPE = YES;
				GCC_WARN_UNINITIALIZED_AUTOS = YES;
				GCC_WARN_UNUSED_VARIABLE = YES;
				IPHONEOS_DEPLOYMENT_TARGET = 6.1;
				OTHER_CFLAGS = "-DNS_BLOCK_ASSERTIONS=1";
				SDKROOT = iphoneos;
				VALIDATE_PRODUCT = YES;
			};
			name = Release;
		};
		CE7161C716EE5EB500A32C9E /* Debug */ = {
			isa = XCBuildConfiguration;
			buildSettings = {
				CLANG_ENABLE_OBJC_ARC = YES;
				GCC_PRECOMPILE_PREFIX_HEADER = YES;
				GCC_PREFIX_HEADER = "pacman/pacman-Prefix.pch";
				INFOPLIST_FILE = "pacman/pacman-Info.plist";
				IPHONEOS_DEPLOYMENT_TARGET = 6.1;
				PRODUCT_NAME = "$(TARGET_NAME)";
				TARGETED_DEVICE_FAMILY = "1,2";
				WRAPPER_EXTENSION = app;
			};
			name = Debug;
		};
		CE7161C816EE5EB500A32C9E /* Release */ = {
			isa = XCBuildConfiguration;
			buildSettings = {
				CLANG_ENABLE_OBJC_ARC = YES;
				GCC_PRECOMPILE_PREFIX_HEADER = YES;
				GCC_PREFIX_HEADER = "pacman/pacman-Prefix.pch";
				INFOPLIST_FILE = "pacman/pacman-Info.plist";
				IPHONEOS_DEPLOYMENT_TARGET = 6.1;
				PRODUCT_NAME = "$(TARGET_NAME)";
				TARGETED_DEVICE_FAMILY = "1,2";
				WRAPPER_EXTENSION = app;
			};
			name = Release;
		};
/* End XCBuildConfiguration section */

/* Begin XCConfigurationList section */
		CE71619616EE5EB400A32C9E /* Build configuration list for PBXProject "pacman" */ = {
			isa = XCConfigurationList;
			buildConfigurations = (
				CE7161C416EE5EB500A32C9E /* Debug */,
				CE7161C516EE5EB500A32C9E /* Release */,
			);
			defaultConfigurationIsVisible = 0;
			defaultConfigurationName = Release;
		};
		CE7161C616EE5EB500A32C9E /* Build configuration list for PBXNativeTarget "pacman" */ = {
			isa = XCConfigurationList;
			buildConfigurations = (
				CE7161C716EE5EB500A32C9E /* Debug */,
				CE7161C816EE5EB500A32C9E /* Release */,
			);
			defaultConfigurationIsVisible = 0;
			defaultConfigurationName = Release;
		};
/* End XCConfigurationList section */
	};
	rootObject = CE71619316EE5EB400A32C9E /* Project object */;
}
